// !$*UTF8*$!
{
	archiveVersion = 1;
	classes = {
	};
	objectVersion = 46;
	objects = {

/* Begin PBXBuildFile section */
		1AC6FB21180E996B004C840B /* libcocos2d Mac.a in Frameworks */ = {isa = PBXBuildFile; fileRef = 1AC6FAF9180E9839004C840B /* libcocos2d Mac.a */; };
		1AC6FB30180E99EB004C840B /* libcocos2d iOS.a in Frameworks */ = {isa = PBXBuildFile; fileRef = 1AC6FB07180E9839004C840B /* libcocos2d iOS.a */; };
		1D60589F0D05DD5A006BFB54 /* Foundation.framework in Frameworks */ = {isa = PBXBuildFile; fileRef = 1D30AB110D05D00D00671497 /* Foundation.framework */; };
		1DF5F4E00D08C38300B7A737 /* UIKit.framework in Frameworks */ = {isa = PBXBuildFile; fileRef = 1DF5F4DF0D08C38300B7A737 /* UIKit.framework */; };
		288765A50DF7441C002DB57D /* CoreGraphics.framework in Frameworks */ = {isa = PBXBuildFile; fileRef = 288765A40DF7441C002DB57D /* CoreGraphics.framework */; };
		3EACC98F19EE6D4300EB3C5E /* res in Resources */ = {isa = PBXBuildFile; fileRef = 3EACC98E19EE6D4300EB3C5E /* res */; };
		3EACC99019EE6D4300EB3C5E /* res in Resources */ = {isa = PBXBuildFile; fileRef = 3EACC98E19EE6D4300EB3C5E /* res */; };
		46880B8819C43A87006E1F66 /* AppDelegate.cpp in Sources */ = {isa = PBXBuildFile; fileRef = 46880B8419C43A87006E1F66 /* AppDelegate.cpp */; };
		46880B8919C43A87006E1F66 /* AppDelegate.cpp in Sources */ = {isa = PBXBuildFile; fileRef = 46880B8419C43A87006E1F66 /* AppDelegate.cpp */; };
		503AE0F817EB97AB00D1A890 /* Icon.icns in Resources */ = {isa = PBXBuildFile; fileRef = 503AE0F617EB97AB00D1A890 /* Icon.icns */; };
		503AE10017EB989F00D1A890 /* AppController.mm in Sources */ = {isa = PBXBuildFile; fileRef = 503AE0FB17EB989F00D1A890 /* AppController.mm */; };
		503AE10117EB989F00D1A890 /* main.m in Sources */ = {isa = PBXBuildFile; fileRef = 503AE0FC17EB989F00D1A890 /* main.m */; };
		503AE10217EB989F00D1A890 /* RootViewController.mm in Sources */ = {isa = PBXBuildFile; fileRef = 503AE0FF17EB989F00D1A890 /* RootViewController.mm */; };
		503AE10517EB98FF00D1A890 /* main.cpp in Sources */ = {isa = PBXBuildFile; fileRef = 503AE10317EB98FF00D1A890 /* main.cpp */; };
		503AE11B17EB9C5A00D1A890 /* IOKit.framework in Frameworks */ = {isa = PBXBuildFile; fileRef = 503AE11A17EB9C5A00D1A890 /* IOKit.framework */; };
		5087E76317EB910900C73F5D /* Foundation.framework in Frameworks */ = {isa = PBXBuildFile; fileRef = 1D30AB110D05D00D00671497 /* Foundation.framework */; };
		5087E76717EB910900C73F5D /* libz.dylib in Frameworks */ = {isa = PBXBuildFile; fileRef = BF170DB412928DE900B8313A /* libz.dylib */; };
		5087E76817EB910900C73F5D /* QuartzCore.framework in Frameworks */ = {isa = PBXBuildFile; fileRef = BF1C47EA1293683800B63C5D /* QuartzCore.framework */; };
		5087E76917EB910900C73F5D /* OpenAL.framework in Frameworks */ = {isa = PBXBuildFile; fileRef = D44C620B132DFF330009C878 /* OpenAL.framework */; };
		5087E76A17EB910900C73F5D /* AVFoundation.framework in Frameworks */ = {isa = PBXBuildFile; fileRef = D44C620D132DFF430009C878 /* AVFoundation.framework */; };
		5087E76B17EB910900C73F5D /* AudioToolbox.framework in Frameworks */ = {isa = PBXBuildFile; fileRef = D44C620F132DFF4E0009C878 /* AudioToolbox.framework */; };
		5087E77D17EB970100C73F5D /* Default-568h@2x.png in Resources */ = {isa = PBXBuildFile; fileRef = 5087E77217EB970100C73F5D /* Default-568h@2x.png */; };
		5087E77E17EB970100C73F5D /* Default.png in Resources */ = {isa = PBXBuildFile; fileRef = 5087E77317EB970100C73F5D /* Default.png */; };
		5087E77F17EB970100C73F5D /* Default@2x.png in Resources */ = {isa = PBXBuildFile; fileRef = 5087E77417EB970100C73F5D /* Default@2x.png */; };
		5087E78017EB970100C73F5D /* Icon-114.png in Resources */ = {isa = PBXBuildFile; fileRef = 5087E77517EB970100C73F5D /* Icon-114.png */; };
		5087E78117EB970100C73F5D /* Icon-120.png in Resources */ = {isa = PBXBuildFile; fileRef = 5087E77617EB970100C73F5D /* Icon-120.png */; };
		5087E78217EB970100C73F5D /* Icon-144.png in Resources */ = {isa = PBXBuildFile; fileRef = 5087E77717EB970100C73F5D /* Icon-144.png */; };
		5087E78317EB970100C73F5D /* Icon-152.png in Resources */ = {isa = PBXBuildFile; fileRef = 5087E77817EB970100C73F5D /* Icon-152.png */; };
		5087E78417EB970100C73F5D /* Icon-57.png in Resources */ = {isa = PBXBuildFile; fileRef = 5087E77917EB970100C73F5D /* Icon-57.png */; };
		5087E78517EB970100C73F5D /* Icon-72.png in Resources */ = {isa = PBXBuildFile; fileRef = 5087E77A17EB970100C73F5D /* Icon-72.png */; };
		5087E78617EB970100C73F5D /* Icon-76.png in Resources */ = {isa = PBXBuildFile; fileRef = 5087E77B17EB970100C73F5D /* Icon-76.png */; };
		5087E78917EB974C00C73F5D /* AppKit.framework in Frameworks */ = {isa = PBXBuildFile; fileRef = 5087E78817EB974C00C73F5D /* AppKit.framework */; };
		5087E78B17EB975400C73F5D /* OpenGL.framework in Frameworks */ = {isa = PBXBuildFile; fileRef = 5087E78A17EB975400C73F5D /* OpenGL.framework */; };
		50EF629617ECD46A001EB2F8 /* Icon-40.png in Resources */ = {isa = PBXBuildFile; fileRef = 50EF629217ECD46A001EB2F8 /* Icon-40.png */; };
		50EF629717ECD46A001EB2F8 /* Icon-58.png in Resources */ = {isa = PBXBuildFile; fileRef = 50EF629317ECD46A001EB2F8 /* Icon-58.png */; };
		50EF629817ECD46A001EB2F8 /* Icon-80.png in Resources */ = {isa = PBXBuildFile; fileRef = 50EF629417ECD46A001EB2F8 /* Icon-80.png */; };
		50EF629917ECD46A001EB2F8 /* Icon-100.png in Resources */ = {isa = PBXBuildFile; fileRef = 50EF629517ECD46A001EB2F8 /* Icon-100.png */; };
		50EF62A217ECD613001EB2F8 /* Icon-29.png in Resources */ = {isa = PBXBuildFile; fileRef = 50EF62A017ECD613001EB2F8 /* Icon-29.png */; };
		50EF62A317ECD613001EB2F8 /* Icon-50.png in Resources */ = {isa = PBXBuildFile; fileRef = 50EF62A117ECD613001EB2F8 /* Icon-50.png */; };
		521A8E6419F0C34300D177D7 /* Default-667h@2x.png in Resources */ = {isa = PBXBuildFile; fileRef = 521A8E6219F0C34300D177D7 /* Default-667h@2x.png */; };
		521A8E6519F0C34300D177D7 /* Default-736h@3x.png in Resources */ = {isa = PBXBuildFile; fileRef = 521A8E6319F0C34300D177D7 /* Default-736h@3x.png */; };
		521A8EA919F11F5000D177D7 /* fonts in Resources */ = {isa = PBXBuildFile; fileRef = 521A8EA819F11F5000D177D7 /* fonts */; };
		521A8EAA19F11F5000D177D7 /* fonts in Resources */ = {isa = PBXBuildFile; fileRef = 521A8EA819F11F5000D177D7 /* fonts */; };
		52B47A471A53D09C004E4C60 /* Security.framework in Frameworks */ = {isa = PBXBuildFile; fileRef = 52B47A461A53D09B004E4C60 /* Security.framework */; };
		8262943E1AAF051F00CB7CF7 /* Security.framework in Frameworks */ = {isa = PBXBuildFile; fileRef = 8262943D1AAF051F00CB7CF7 /* Security.framework */; };
		B6063C561C8B3BC2003F9C9A /* wait1.png in Resources */ = {isa = PBXBuildFile; fileRef = B6063C4F1C8B3BC2003F9C9A /* wait1.png */; };
		B6063C571C8B3BC2003F9C9A /* wait2.png in Resources */ = {isa = PBXBuildFile; fileRef = B6063C501C8B3BC2003F9C9A /* wait2.png */; };
		B6063C581C8B3BC2003F9C9A /* wait3.png in Resources */ = {isa = PBXBuildFile; fileRef = B6063C511C8B3BC2003F9C9A /* wait3.png */; };
		B6063C591C8B3BC2003F9C9A /* wait4.png in Resources */ = {isa = PBXBuildFile; fileRef = B6063C521C8B3BC2003F9C9A /* wait4.png */; };
		B6063C5A1C8B3BC2003F9C9A /* wait5.png in Resources */ = {isa = PBXBuildFile; fileRef = B6063C531C8B3BC2003F9C9A /* wait5.png */; };
		B6063C5B1C8B3BC2003F9C9A /* wait6.png in Resources */ = {isa = PBXBuildFile; fileRef = B6063C541C8B3BC2003F9C9A /* wait6.png */; };
		B6063C5C1C8B3BC2003F9C9A /* wait7.png in Resources */ = {isa = PBXBuildFile; fileRef = B6063C551C8B3BC2003F9C9A /* wait7.png */; };
		B6063C5E1C8B3C42003F9C9A /* wait8.png in Resources */ = {isa = PBXBuildFile; fileRef = B6063C5D1C8B3C42003F9C9A /* wait8.png */; };
		B609BCAB1C8BF6C20067B838 /* AppDelegate.h in Sources */ = {isa = PBXBuildFile; fileRef = 46880B8519C43A87006E1F66 /* AppDelegate.h */; };
		B609BCFA1C8BF88C0067B838 /* Player.cpp in Sources */ = {isa = PBXBuildFile; fileRef = B609BCF61C8BF88C0067B838 /* Player.cpp */; };
		B609BCFC1C8BF88C0067B838 /* Self.cpp in Sources */ = {isa = PBXBuildFile; fileRef = B609BCF81C8BF88C0067B838 /* Self.cpp */; };
		B609BD0C1C8BF89B0067B838 /* AboutScene.cpp in Sources */ = {isa = PBXBuildFile; fileRef = B609BCFE1C8BF89A0067B838 /* AboutScene.cpp */; };
		B609BD0D1C8BF89B0067B838 /* AboutScene.h in Sources */ = {isa = PBXBuildFile; fileRef = B609BCFF1C8BF89A0067B838 /* AboutScene.h */; };
		B609BD0E1C8BF89B0067B838 /* AuthenticationScene.cpp in Sources */ = {isa = PBXBuildFile; fileRef = B609BD001C8BF89A0067B838 /* AuthenticationScene.cpp */; };
		B609BD0F1C8BF89B0067B838 /* AuthenticationScene.h in Sources */ = {isa = PBXBuildFile; fileRef = B609BD011C8BF89A0067B838 /* AuthenticationScene.h */; };
		B609BD101C8BF89B0067B838 /* DialogLayer.cpp in Sources */ = {isa = PBXBuildFile; fileRef = B609BD021C8BF89A0067B838 /* DialogLayer.cpp */; };
		B609BD111C8BF89B0067B838 /* DialogLayer.h in Sources */ = {isa = PBXBuildFile; fileRef = B609BD031C8BF89A0067B838 /* DialogLayer.h */; };
		B609BD121C8BF89B0067B838 /* LogInScene.cpp in Sources */ = {isa = PBXBuildFile; fileRef = B609BD041C8BF89A0067B838 /* LogInScene.cpp */; };
		B609BD131C8BF89B0067B838 /* LogInScene.h in Sources */ = {isa = PBXBuildFile; fileRef = B609BD051C8BF89A0067B838 /* LogInScene.h */; };
		B609BD141C8BF89B0067B838 /* PropertyScene.cpp in Sources */ = {isa = PBXBuildFile; fileRef = B609BD061C8BF89A0067B838 /* PropertyScene.cpp */; };
		B609BD151C8BF89B0067B838 /* PropertyScene.hpp in Sources */ = {isa = PBXBuildFile; fileRef = B609BD071C8BF89B0067B838 /* PropertyScene.hpp */; };
		B609BD161C8BF89B0067B838 /* RegeditScene.cpp in Sources */ = {isa = PBXBuildFile; fileRef = B609BD081C8BF89B0067B838 /* RegeditScene.cpp */; };
		B609BD171C8BF89B0067B838 /* RegeditScene.h in Sources */ = {isa = PBXBuildFile; fileRef = B609BD091C8BF89B0067B838 /* RegeditScene.h */; };
		B609BD181C8BF89B0067B838 /* WaitLayer.cpp in Sources */ = {isa = PBXBuildFile; fileRef = B609BD0A1C8BF89B0067B838 /* WaitLayer.cpp */; };
		B609BD191C8BF89B0067B838 /* WaitLayer.hpp in Sources */ = {isa = PBXBuildFile; fileRef = B609BD0B1C8BF89B0067B838 /* WaitLayer.hpp */; };
		B609BD1D1C8BF8AD0067B838 /* sqlite3.c in Sources */ = {isa = PBXBuildFile; fileRef = B609BD1A1C8BF8AD0067B838 /* sqlite3.c */; };
		B609BD1E1C8BF8AD0067B838 /* sqlite3.h in Sources */ = {isa = PBXBuildFile; fileRef = B609BD1B1C8BF8AD0067B838 /* sqlite3.h */; };
		B609BD1F1C8BF8AD0067B838 /* sqlite3ext.h in Sources */ = {isa = PBXBuildFile; fileRef = B609BD1C1C8BF8AD0067B838 /* sqlite3ext.h */; };
		B609BD2A1C8BF8C40067B838 /* DataUtility.cpp in Sources */ = {isa = PBXBuildFile; fileRef = B609BD201C8BF8C40067B838 /* DataUtility.cpp */; };
		B609BD2B1C8BF8C40067B838 /* DataUtility.h in Sources */ = {isa = PBXBuildFile; fileRef = B609BD211C8BF8C40067B838 /* DataUtility.h */; };
		B609BD2C1C8BF8C40067B838 /* GCCsvHelper.cpp in Sources */ = {isa = PBXBuildFile; fileRef = B609BD221C8BF8C40067B838 /* GCCsvHelper.cpp */; };
		B609BD2D1C8BF8C40067B838 /* GCCsvHelper.hpp in Sources */ = {isa = PBXBuildFile; fileRef = B609BD231C8BF8C40067B838 /* GCCsvHelper.hpp */; };
		B609BD2E1C8BF8C40067B838 /* HttpUtility.cpp in Sources */ = {isa = PBXBuildFile; fileRef = B609BD241C8BF8C40067B838 /* HttpUtility.cpp */; };
		B609BD2F1C8BF8C40067B838 /* HttpUtility.h in Sources */ = {isa = PBXBuildFile; fileRef = B609BD251C8BF8C40067B838 /* HttpUtility.h */; };
		B609BD301C8BF8C40067B838 /* StringUtility.cpp in Sources */ = {isa = PBXBuildFile; fileRef = B609BD261C8BF8C40067B838 /* StringUtility.cpp */; };
		B609BD311C8BF8C40067B838 /* StringUtility.h in Sources */ = {isa = PBXBuildFile; fileRef = B609BD271C8BF8C40067B838 /* StringUtility.h */; };
		B609BD321C8BF8C40067B838 /* utility.cpp in Sources */ = {isa = PBXBuildFile; fileRef = B609BD281C8BF8C40067B838 /* utility.cpp */; };
		B609BD331C8BF8C40067B838 /* utility.h in Sources */ = {isa = PBXBuildFile; fileRef = B609BD291C8BF8C40067B838 /* utility.h */; };
		B6190C421C9AE5CD00903FF4 /* MenuLayer.cpp in Sources */ = {isa = PBXBuildFile; fileRef = B6190C401C9AE5CD00903FF4 /* MenuLayer.cpp */; };
		B63A05A81C87388F0061C902 /* sqlite in Resources */ = {isa = PBXBuildFile; fileRef = B63A05A71C87388F0061C902 /* sqlite */; };
		B63A05AA1C8742D80061C902 /* libsqlite3.dylib in Frameworks */ = {isa = PBXBuildFile; fileRef = B63A05A91C8742D80061C902 /* libsqlite3.dylib */; };
		B65B7DF11CA017E6007EDEBF /* scard0.png in Resources */ = {isa = PBXBuildFile; fileRef = B65B7DED1CA017E6007EDEBF /* scard0.png */; };
		B65B7DF21CA017E6007EDEBF /* scard1.png in Resources */ = {isa = PBXBuildFile; fileRef = B65B7DEE1CA017E6007EDEBF /* scard1.png */; };
		B65B7DF31CA017E6007EDEBF /* scloth0.png in Resources */ = {isa = PBXBuildFile; fileRef = B65B7DEF1CA017E6007EDEBF /* scloth0.png */; };
		B65B7DF41CA017E6007EDEBF /* scloth1.png in Resources */ = {isa = PBXBuildFile; fileRef = B65B7DF01CA017E6007EDEBF /* scloth1.png */; };
		B66C09EC1C85505F002C8270 /* aboutScene.png in Resources */ = {isa = PBXBuildFile; fileRef = B66C09CB1C85505E002C8270 /* aboutScene.png */; };
		B66C09ED1C85505F002C8270 /* authenticationBackGround.png in Resources */ = {isa = PBXBuildFile; fileRef = B66C09CC1C85505E002C8270 /* authenticationBackGround.png */; };
		B66C09EE1C85505F002C8270 /* back1.png in Resources */ = {isa = PBXBuildFile; fileRef = B66C09CD1C85505E002C8270 /* back1.png */; };
		B66C09EF1C85505F002C8270 /* back2.png in Resources */ = {isa = PBXBuildFile; fileRef = B66C09CE1C85505E002C8270 /* back2.png */; };
		B66C09F01C85505F002C8270 /* csb in Resources */ = {isa = PBXBuildFile; fileRef = B66C09CF1C85505E002C8270 /* csb */; };
		B66C09F11C85505F002C8270 /* Default in Resources */ = {isa = PBXBuildFile; fileRef = B66C09D01C85505E002C8270 /* Default */; };
		B66C09F21C85505F002C8270 /* dialogBackGround.png in Resources */ = {isa = PBXBuildFile; fileRef = B66C09D11C85505F002C8270 /* dialogBackGround.png */; };
		B66C09F31C85505F002C8270 /* fonts in Resources */ = {isa = PBXBuildFile; fileRef = B66C09D21C85505F002C8270 /* fonts */; };
		B66C09F41C85505F002C8270 /* FZMWFont.ttf in Resources */ = {isa = PBXBuildFile; fileRef = B66C09D31C85505F002C8270 /* FZMWFont.ttf */; };
		B66C09F71C85505F002C8270 /* karryRolebtn1.png in Resources */ = {isa = PBXBuildFile; fileRef = B66C09D61C85505F002C8270 /* karryRolebtn1.png */; };
		B66C09F81C85505F002C8270 /* karryRolebtn2.png in Resources */ = {isa = PBXBuildFile; fileRef = B66C09D71C85505F002C8270 /* karryRolebtn2.png */; };
		B66C09F91C85505F002C8270 /* LogInBackGround.png in Resources */ = {isa = PBXBuildFile; fileRef = B66C09D81C85505F002C8270 /* LogInBackGround.png */; };
		B66C09FC1C85505F002C8270 /* okbtn1.png in Resources */ = {isa = PBXBuildFile; fileRef = B66C09DB1C85505F002C8270 /* okbtn1.png */; };
		B66C09FD1C85505F002C8270 /* okbtn2.png in Resources */ = {isa = PBXBuildFile; fileRef = B66C09DC1C85505F002C8270 /* okbtn2.png */; };
		B66C09FE1C85505F002C8270 /* RegeditBackground.png in Resources */ = {isa = PBXBuildFile; fileRef = B66C09DD1C85505F002C8270 /* RegeditBackground.png */; };
		B66C0A011C85505F002C8270 /* res in Resources */ = {isa = PBXBuildFile; fileRef = B66C09E01C85505F002C8270 /* res */; };
		B66C0A021C85505F002C8270 /* RoleSelectBackground.png in Resources */ = {isa = PBXBuildFile; fileRef = B66C09E11C85505F002C8270 /* RoleSelectBackground.png */; };
		B66C0A031C85505F002C8270 /* royRolebtn1.png in Resources */ = {isa = PBXBuildFile; fileRef = B66C09E21C85505F002C8270 /* royRolebtn1.png */; };
		B66C0A041C85505F002C8270 /* royRolebtn2.png in Resources */ = {isa = PBXBuildFile; fileRef = B66C09E31C85505F002C8270 /* royRolebtn2.png */; };
		B66C0A091C85505F002C8270 /* TextField.png in Resources */ = {isa = PBXBuildFile; fileRef = B66C09E81C85505F002C8270 /* TextField.png */; };
		B66C0A0A1C85505F002C8270 /* wending.TTF in Resources */ = {isa = PBXBuildFile; fileRef = B66C09E91C85505F002C8270 /* wending.TTF */; };
		B67BB77A1C8D16820063DED5 /* HomeScene.cpp in Sources */ = {isa = PBXBuildFile; fileRef = B67BB7781C8D16820063DED5 /* HomeScene.cpp */; };
		B67BB77E1C8D20A80063DED5 /* exit1.png in Resources */ = {isa = PBXBuildFile; fileRef = B67BB77C1C8D20A80063DED5 /* exit1.png */; };
		B67BB77F1C8D20A90063DED5 /* exit2.png in Resources */ = {isa = PBXBuildFile; fileRef = B67BB77D1C8D20A80063DED5 /* exit2.png */; };
		B67BB7831C8D20C40063DED5 /* HelloWorld.png in Resources */ = {isa = PBXBuildFile; fileRef = B67BB7821C8D20C30063DED5 /* HelloWorld.png */; };
		B68C36C01C96EBD1003595B2 /* radar.png in Resources */ = {isa = PBXBuildFile; fileRef = B68C36BF1C96EBD1003595B2 /* radar.png */; };
		B68F575B1C8928640008250A /* PropertyBackGround.png in Resources */ = {isa = PBXBuildFile; fileRef = B68F575A1C8928640008250A /* PropertyBackGround.png */; };
		B6983C6E1C8BF21D00CA0AFE /* cocosproject in Resources */ = {isa = PBXBuildFile; fileRef = B6983C6C1C8BF21C00CA0AFE /* cocosproject */; };
		B6A35D181C9F9F5900C9F1C4 /* MailListScene.cpp in Sources */ = {isa = PBXBuildFile; fileRef = B6A35D161C9F9F5900C9F1C4 /* MailListScene.cpp */; };
		B6A808151C9BF19800F425F2 /* NoticeScene.cpp in Sources */ = {isa = PBXBuildFile; fileRef = B6A808131C9BF19800F425F2 /* NoticeScene.cpp */; };
		B6E1EF731C89DFBF00D55420 /* db in Resources */ = {isa = PBXBuildFile; fileRef = B6E1EF721C89DFBF00D55420 /* db */; };
		B6EC36681C998992006AC374 /* Promptable.cpp in Sources */ = {isa = PBXBuildFile; fileRef = B6EC36661C998992006AC374 /* Promptable.cpp */; };
		BF171245129291EC00B8313A /* OpenGLES.framework in Frameworks */ = {isa = PBXBuildFile; fileRef = BF170DB012928DE900B8313A /* OpenGLES.framework */; };
		BF1712471292920000B8313A /* libz.dylib in Frameworks */ = {isa = PBXBuildFile; fileRef = BF170DB412928DE900B8313A /* libz.dylib */; };
		BF1C47F01293687400B63C5D /* QuartzCore.framework in Frameworks */ = {isa = PBXBuildFile; fileRef = BF1C47EA1293683800B63C5D /* QuartzCore.framework */; };
		D44C620C132DFF330009C878 /* OpenAL.framework in Frameworks */ = {isa = PBXBuildFile; fileRef = D44C620B132DFF330009C878 /* OpenAL.framework */; };
		D44C620E132DFF430009C878 /* AVFoundation.framework in Frameworks */ = {isa = PBXBuildFile; fileRef = D44C620D132DFF430009C878 /* AVFoundation.framework */; };
		D44C6210132DFF4E0009C878 /* AudioToolbox.framework in Frameworks */ = {isa = PBXBuildFile; fileRef = D44C620F132DFF4E0009C878 /* AudioToolbox.framework */; };
		D6B0611B1803AB670077942B /* CoreMotion.framework in Frameworks */ = {isa = PBXBuildFile; fileRef = D6B0611A1803AB670077942B /* CoreMotion.framework */; };
		ED545A7C1B68A1F400C3958E /* libiconv.dylib in Frameworks */ = {isa = PBXBuildFile; fileRef = ED545A7B1B68A1F400C3958E /* libiconv.dylib */; };
		ED545A7E1B68A1FA00C3958E /* libiconv.dylib in Frameworks */ = {isa = PBXBuildFile; fileRef = ED545A7D1B68A1FA00C3958E /* libiconv.dylib */; };
/* End PBXBuildFile section */

/* Begin PBXContainerItemProxy section */
		1AC6FAF8180E9839004C840B /* PBXContainerItemProxy */ = {
			isa = PBXContainerItemProxy;
			containerPortal = 1AC6FAE5180E9839004C840B /* cocos2d_libs.xcodeproj */;
			proxyType = 2;
			remoteGlobalIDString = 1551A33F158F2AB200E66CFE;
			remoteInfo = "cocos2dx Mac";
		};
		1AC6FB06180E9839004C840B /* PBXContainerItemProxy */ = {
			isa = PBXContainerItemProxy;
			containerPortal = 1AC6FAE5180E9839004C840B /* cocos2d_libs.xcodeproj */;
			proxyType = 2;
			remoteGlobalIDString = A07A4D641783777C0073F6A7;
			remoteInfo = "cocos2dx iOS";
		};
		1AC6FB15180E9959004C840B /* PBXContainerItemProxy */ = {
			isa = PBXContainerItemProxy;
			containerPortal = 1AC6FAE5180E9839004C840B /* cocos2d_libs.xcodeproj */;
			proxyType = 1;
			remoteGlobalIDString = 1551A33E158F2AB200E66CFE;
			remoteInfo = "cocos2dx Mac";
		};
		1AC6FB24180E99E1004C840B /* PBXContainerItemProxy */ = {
			isa = PBXContainerItemProxy;
			containerPortal = 1AC6FAE5180E9839004C840B /* cocos2d_libs.xcodeproj */;
			proxyType = 1;
			remoteGlobalIDString = A07A4C241783777C0073F6A7;
			remoteInfo = "cocos2dx iOS";
		};
/* End PBXContainerItemProxy section */

/* Begin PBXFileReference section */
		1AC6FAE5180E9839004C840B /* cocos2d_libs.xcodeproj */ = {isa = PBXFileReference; lastKnownFileType = "wrapper.pb-project"; name = cocos2d_libs.xcodeproj; path = ../cocos2d/build/cocos2d_libs.xcodeproj; sourceTree = "<group>"; };
		1ACB3243164770DE00914215 /* libcurl.a */ = {isa = PBXFileReference; lastKnownFileType = archive.ar; name = libcurl.a; path = ../../cocos2dx/platform/third_party/ios/libraries/libcurl.a; sourceTree = "<group>"; };
		1D30AB110D05D00D00671497 /* Foundation.framework */ = {isa = PBXFileReference; lastKnownFileType = wrapper.framework; name = Foundation.framework; path = System/Library/Frameworks/Foundation.framework; sourceTree = SDKROOT; };
		1D6058910D05DD3D006BFB54 /* KYGame-mobile.app */ = {isa = PBXFileReference; explicitFileType = wrapper.application; includeInIndex = 0; path = "KYGame-mobile.app"; sourceTree = BUILT_PRODUCTS_DIR; };
		1DF5F4DF0D08C38300B7A737 /* UIKit.framework */ = {isa = PBXFileReference; lastKnownFileType = wrapper.framework; name = UIKit.framework; path = System/Library/Frameworks/UIKit.framework; sourceTree = SDKROOT; };
		288765A40DF7441C002DB57D /* CoreGraphics.framework */ = {isa = PBXFileReference; lastKnownFileType = wrapper.framework; name = CoreGraphics.framework; path = System/Library/Frameworks/CoreGraphics.framework; sourceTree = SDKROOT; };
		3EACC98E19EE6D4300EB3C5E /* res */ = {isa = PBXFileReference; lastKnownFileType = folder; path = res; sourceTree = "<group>"; };
		46880B8419C43A87006E1F66 /* AppDelegate.cpp */ = {isa = PBXFileReference; fileEncoding = 4; lastKnownFileType = sourcecode.cpp.cpp; path = AppDelegate.cpp; sourceTree = "<group>"; };
		46880B8519C43A87006E1F66 /* AppDelegate.h */ = {isa = PBXFileReference; fileEncoding = 4; lastKnownFileType = sourcecode.c.h; path = AppDelegate.h; sourceTree = "<group>"; };
		503AE0F617EB97AB00D1A890 /* Icon.icns */ = {isa = PBXFileReference; lastKnownFileType = image.icns; path = Icon.icns; sourceTree = "<group>"; };
		503AE0F717EB97AB00D1A890 /* Info.plist */ = {isa = PBXFileReference; fileEncoding = 4; lastKnownFileType = text.plist.xml; path = Info.plist; sourceTree = "<group>"; };
		503AE0FA17EB989F00D1A890 /* AppController.h */ = {isa = PBXFileReference; fileEncoding = 4; lastKnownFileType = sourcecode.c.h; name = AppController.h; path = ios/AppController.h; sourceTree = SOURCE_ROOT; };
		503AE0FB17EB989F00D1A890 /* AppController.mm */ = {isa = PBXFileReference; fileEncoding = 4; lastKnownFileType = sourcecode.cpp.objcpp; name = AppController.mm; path = ios/AppController.mm; sourceTree = SOURCE_ROOT; };
		503AE0FC17EB989F00D1A890 /* main.m */ = {isa = PBXFileReference; fileEncoding = 4; lastKnownFileType = sourcecode.c.objc; name = main.m; path = ios/main.m; sourceTree = SOURCE_ROOT; };
		503AE0FD17EB989F00D1A890 /* Prefix.pch */ = {isa = PBXFileReference; fileEncoding = 4; lastKnownFileType = sourcecode.c.h; name = Prefix.pch; path = ios/Prefix.pch; sourceTree = SOURCE_ROOT; };
		503AE0FE17EB989F00D1A890 /* RootViewController.h */ = {isa = PBXFileReference; fileEncoding = 4; lastKnownFileType = sourcecode.c.h; name = RootViewController.h; path = ios/RootViewController.h; sourceTree = SOURCE_ROOT; };
		503AE0FF17EB989F00D1A890 /* RootViewController.mm */ = {isa = PBXFileReference; fileEncoding = 4; lastKnownFileType = sourcecode.cpp.objcpp; name = RootViewController.mm; path = ios/RootViewController.mm; sourceTree = SOURCE_ROOT; };
		503AE10317EB98FF00D1A890 /* main.cpp */ = {isa = PBXFileReference; fileEncoding = 4; lastKnownFileType = sourcecode.cpp.cpp; name = main.cpp; path = mac/main.cpp; sourceTree = "<group>"; };
		503AE10417EB98FF00D1A890 /* Prefix.pch */ = {isa = PBXFileReference; fileEncoding = 4; lastKnownFileType = sourcecode.c.h; name = Prefix.pch; path = mac/Prefix.pch; sourceTree = "<group>"; };
		503AE11117EB99EE00D1A890 /* libcurl.dylib */ = {isa = PBXFileReference; lastKnownFileType = "compiled.mach-o.dylib"; name = libcurl.dylib; path = usr/lib/libcurl.dylib; sourceTree = SDKROOT; };
		503AE11A17EB9C5A00D1A890 /* IOKit.framework */ = {isa = PBXFileReference; lastKnownFileType = wrapper.framework; name = IOKit.framework; path = System/Library/Frameworks/IOKit.framework; sourceTree = SDKROOT; };
		5087E76F17EB910900C73F5D /* KYGame-desktop.app */ = {isa = PBXFileReference; explicitFileType = wrapper.application; includeInIndex = 0; path = "KYGame-desktop.app"; sourceTree = BUILT_PRODUCTS_DIR; };
		5087E77217EB970100C73F5D /* Default-568h@2x.png */ = {isa = PBXFileReference; lastKnownFileType = image.png; path = "Default-568h@2x.png"; sourceTree = "<group>"; };
		5087E77317EB970100C73F5D /* Default.png */ = {isa = PBXFileReference; lastKnownFileType = image.png; path = Default.png; sourceTree = "<group>"; };
		5087E77417EB970100C73F5D /* Default@2x.png */ = {isa = PBXFileReference; lastKnownFileType = image.png; path = "Default@2x.png"; sourceTree = "<group>"; };
		5087E77517EB970100C73F5D /* Icon-114.png */ = {isa = PBXFileReference; lastKnownFileType = image.png; path = "Icon-114.png"; sourceTree = "<group>"; };
		5087E77617EB970100C73F5D /* Icon-120.png */ = {isa = PBXFileReference; lastKnownFileType = image.png; path = "Icon-120.png"; sourceTree = "<group>"; };
		5087E77717EB970100C73F5D /* Icon-144.png */ = {isa = PBXFileReference; lastKnownFileType = image.png; path = "Icon-144.png"; sourceTree = "<group>"; };
		5087E77817EB970100C73F5D /* Icon-152.png */ = {isa = PBXFileReference; lastKnownFileType = image.png; path = "Icon-152.png"; sourceTree = "<group>"; };
		5087E77917EB970100C73F5D /* Icon-57.png */ = {isa = PBXFileReference; lastKnownFileType = image.png; path = "Icon-57.png"; sourceTree = "<group>"; };
		5087E77A17EB970100C73F5D /* Icon-72.png */ = {isa = PBXFileReference; lastKnownFileType = image.png; path = "Icon-72.png"; sourceTree = "<group>"; };
		5087E77B17EB970100C73F5D /* Icon-76.png */ = {isa = PBXFileReference; lastKnownFileType = image.png; path = "Icon-76.png"; sourceTree = "<group>"; };
		5087E77C17EB970100C73F5D /* Info.plist */ = {isa = PBXFileReference; fileEncoding = 4; lastKnownFileType = text.plist.xml; path = Info.plist; sourceTree = "<group>"; };
		5087E78817EB974C00C73F5D /* AppKit.framework */ = {isa = PBXFileReference; lastKnownFileType = wrapper.framework; name = AppKit.framework; path = System/Library/Frameworks/AppKit.framework; sourceTree = SDKROOT; };
		5087E78A17EB975400C73F5D /* OpenGL.framework */ = {isa = PBXFileReference; lastKnownFileType = wrapper.framework; name = OpenGL.framework; path = System/Library/Frameworks/OpenGL.framework; sourceTree = SDKROOT; };
		50EF629217ECD46A001EB2F8 /* Icon-40.png */ = {isa = PBXFileReference; lastKnownFileType = image.png; path = "Icon-40.png"; sourceTree = "<group>"; };
		50EF629317ECD46A001EB2F8 /* Icon-58.png */ = {isa = PBXFileReference; lastKnownFileType = image.png; path = "Icon-58.png"; sourceTree = "<group>"; };
		50EF629417ECD46A001EB2F8 /* Icon-80.png */ = {isa = PBXFileReference; lastKnownFileType = image.png; path = "Icon-80.png"; sourceTree = "<group>"; };
		50EF629517ECD46A001EB2F8 /* Icon-100.png */ = {isa = PBXFileReference; lastKnownFileType = image.png; path = "Icon-100.png"; sourceTree = "<group>"; };
		50EF62A017ECD613001EB2F8 /* Icon-29.png */ = {isa = PBXFileReference; lastKnownFileType = image.png; path = "Icon-29.png"; sourceTree = "<group>"; };
		50EF62A117ECD613001EB2F8 /* Icon-50.png */ = {isa = PBXFileReference; lastKnownFileType = image.png; path = "Icon-50.png"; sourceTree = "<group>"; };
		521A8E6219F0C34300D177D7 /* Default-667h@2x.png */ = {isa = PBXFileReference; lastKnownFileType = image.png; path = "Default-667h@2x.png"; sourceTree = "<group>"; };
		521A8E6319F0C34300D177D7 /* Default-736h@3x.png */ = {isa = PBXFileReference; lastKnownFileType = image.png; path = "Default-736h@3x.png"; sourceTree = "<group>"; };
		521A8EA819F11F5000D177D7 /* fonts */ = {isa = PBXFileReference; lastKnownFileType = folder; path = fonts; sourceTree = "<group>"; };
		52B47A461A53D09B004E4C60 /* Security.framework */ = {isa = PBXFileReference; lastKnownFileType = wrapper.framework; name = Security.framework; path = Platforms/iPhoneOS.platform/Developer/SDKs/iPhoneOS8.1.sdk/System/Library/Frameworks/Security.framework; sourceTree = DEVELOPER_DIR; };
		8262943D1AAF051F00CB7CF7 /* Security.framework */ = {isa = PBXFileReference; lastKnownFileType = wrapper.framework; name = Security.framework; path = System/Library/Frameworks/Security.framework; sourceTree = SDKROOT; };
		B6063C4F1C8B3BC2003F9C9A /* wait1.png */ = {isa = PBXFileReference; lastKnownFileType = image.png; path = wait1.png; sourceTree = "<group>"; };
		B6063C501C8B3BC2003F9C9A /* wait2.png */ = {isa = PBXFileReference; lastKnownFileType = image.png; path = wait2.png; sourceTree = "<group>"; };
		B6063C511C8B3BC2003F9C9A /* wait3.png */ = {isa = PBXFileReference; lastKnownFileType = image.png; path = wait3.png; sourceTree = "<group>"; };
		B6063C521C8B3BC2003F9C9A /* wait4.png */ = {isa = PBXFileReference; lastKnownFileType = image.png; path = wait4.png; sourceTree = "<group>"; };
		B6063C531C8B3BC2003F9C9A /* wait5.png */ = {isa = PBXFileReference; lastKnownFileType = image.png; path = wait5.png; sourceTree = "<group>"; };
		B6063C541C8B3BC2003F9C9A /* wait6.png */ = {isa = PBXFileReference; lastKnownFileType = image.png; path = wait6.png; sourceTree = "<group>"; };
		B6063C551C8B3BC2003F9C9A /* wait7.png */ = {isa = PBXFileReference; lastKnownFileType = image.png; path = wait7.png; sourceTree = "<group>"; };
		B6063C5D1C8B3C42003F9C9A /* wait8.png */ = {isa = PBXFileReference; lastKnownFileType = image.png; path = wait8.png; sourceTree = "<group>"; };
		B609BCF61C8BF88C0067B838 /* Player.cpp */ = {isa = PBXFileReference; lastKnownFileType = sourcecode.cpp.cpp; name = Player.cpp; path = model/Player.cpp; sourceTree = "<group>"; };
		B609BCF81C8BF88C0067B838 /* Self.cpp */ = {isa = PBXFileReference; lastKnownFileType = sourcecode.cpp.cpp; name = Self.cpp; path = model/Self.cpp; sourceTree = "<group>"; };
		B609BCFE1C8BF89A0067B838 /* AboutScene.cpp */ = {isa = PBXFileReference; fileEncoding = 4; lastKnownFileType = sourcecode.cpp.cpp; name = AboutScene.cpp; path = scene/AboutScene.cpp; sourceTree = "<group>"; };
		B609BCFF1C8BF89A0067B838 /* AboutScene.h */ = {isa = PBXFileReference; lastKnownFileType = sourcecode.c.h; name = AboutScene.h; path = scene/AboutScene.h; sourceTree = "<group>"; };
		B609BD001C8BF89A0067B838 /* AuthenticationScene.cpp */ = {isa = PBXFileReference; lastKnownFileType = sourcecode.cpp.cpp; name = AuthenticationScene.cpp; path = scene/AuthenticationScene.cpp; sourceTree = "<group>"; };
		B609BD011C8BF89A0067B838 /* AuthenticationScene.h */ = {isa = PBXFileReference; lastKnownFileType = sourcecode.c.h; name = AuthenticationScene.h; path = scene/AuthenticationScene.h; sourceTree = "<group>"; };
		B609BD021C8BF89A0067B838 /* DialogLayer.cpp */ = {isa = PBXFileReference; lastKnownFileType = sourcecode.cpp.cpp; name = DialogLayer.cpp; path = scene/DialogLayer.cpp; sourceTree = "<group>"; };
		B609BD031C8BF89A0067B838 /* DialogLayer.h */ = {isa = PBXFileReference; lastKnownFileType = sourcecode.c.h; name = DialogLayer.h; path = scene/DialogLayer.h; sourceTree = "<group>"; };
		B609BD041C8BF89A0067B838 /* LogInScene.cpp */ = {isa = PBXFileReference; lastKnownFileType = sourcecode.cpp.cpp; name = LogInScene.cpp; path = scene/LogInScene.cpp; sourceTree = "<group>"; };
		B609BD051C8BF89A0067B838 /* LogInScene.h */ = {isa = PBXFileReference; lastKnownFileType = sourcecode.c.h; name = LogInScene.h; path = scene/LogInScene.h; sourceTree = "<group>"; };
		B609BD061C8BF89A0067B838 /* PropertyScene.cpp */ = {isa = PBXFileReference; lastKnownFileType = sourcecode.cpp.cpp; name = PropertyScene.cpp; path = scene/PropertyScene.cpp; sourceTree = "<group>"; };
		B609BD071C8BF89B0067B838 /* PropertyScene.hpp */ = {isa = PBXFileReference; lastKnownFileType = sourcecode.cpp.h; name = PropertyScene.hpp; path = scene/PropertyScene.hpp; sourceTree = "<group>"; };
		B609BD081C8BF89B0067B838 /* RegeditScene.cpp */ = {isa = PBXFileReference; lastKnownFileType = sourcecode.cpp.cpp; name = RegeditScene.cpp; path = scene/RegeditScene.cpp; sourceTree = "<group>"; };
		B609BD091C8BF89B0067B838 /* RegeditScene.h */ = {isa = PBXFileReference; lastKnownFileType = sourcecode.c.h; name = RegeditScene.h; path = scene/RegeditScene.h; sourceTree = "<group>"; };
		B609BD0A1C8BF89B0067B838 /* WaitLayer.cpp */ = {isa = PBXFileReference; lastKnownFileType = sourcecode.cpp.cpp; name = WaitLayer.cpp; path = scene/WaitLayer.cpp; sourceTree = "<group>"; };
		B609BD0B1C8BF89B0067B838 /* WaitLayer.hpp */ = {isa = PBXFileReference; lastKnownFileType = sourcecode.cpp.h; name = WaitLayer.hpp; path = scene/WaitLayer.hpp; sourceTree = "<group>"; };
		B609BD1A1C8BF8AD0067B838 /* sqlite3.c */ = {isa = PBXFileReference; lastKnownFileType = sourcecode.c.c; name = sqlite3.c; path = sqlite/sqlite3.c; sourceTree = "<group>"; };
		B609BD1B1C8BF8AD0067B838 /* sqlite3.h */ = {isa = PBXFileReference; lastKnownFileType = sourcecode.c.h; name = sqlite3.h; path = sqlite/sqlite3.h; sourceTree = "<group>"; };
		B609BD1C1C8BF8AD0067B838 /* sqlite3ext.h */ = {isa = PBXFileReference; lastKnownFileType = sourcecode.c.h; name = sqlite3ext.h; path = sqlite/sqlite3ext.h; sourceTree = "<group>"; };
		B609BD201C8BF8C40067B838 /* DataUtility.cpp */ = {isa = PBXFileReference; lastKnownFileType = sourcecode.cpp.cpp; name = DataUtility.cpp; path = utility/DataUtility.cpp; sourceTree = "<group>"; };
		B609BD211C8BF8C40067B838 /* DataUtility.h */ = {isa = PBXFileReference; lastKnownFileType = sourcecode.c.h; name = DataUtility.h; path = utility/DataUtility.h; sourceTree = "<group>"; };
		B609BD221C8BF8C40067B838 /* GCCsvHelper.cpp */ = {isa = PBXFileReference; lastKnownFileType = sourcecode.cpp.cpp; name = GCCsvHelper.cpp; path = utility/GCCsvHelper.cpp; sourceTree = "<group>"; };
		B609BD231C8BF8C40067B838 /* GCCsvHelper.hpp */ = {isa = PBXFileReference; lastKnownFileType = sourcecode.cpp.h; name = GCCsvHelper.hpp; path = utility/GCCsvHelper.hpp; sourceTree = "<group>"; };
		B609BD241C8BF8C40067B838 /* HttpUtility.cpp */ = {isa = PBXFileReference; lastKnownFileType = sourcecode.cpp.cpp; name = HttpUtility.cpp; path = utility/HttpUtility.cpp; sourceTree = "<group>"; };
		B609BD251C8BF8C40067B838 /* HttpUtility.h */ = {isa = PBXFileReference; lastKnownFileType = sourcecode.c.h; name = HttpUtility.h; path = utility/HttpUtility.h; sourceTree = "<group>"; };
		B609BD261C8BF8C40067B838 /* StringUtility.cpp */ = {isa = PBXFileReference; lastKnownFileType = sourcecode.cpp.cpp; name = StringUtility.cpp; path = utility/StringUtility.cpp; sourceTree = "<group>"; };
		B609BD271C8BF8C40067B838 /* StringUtility.h */ = {isa = PBXFileReference; lastKnownFileType = sourcecode.c.h; name = StringUtility.h; path = utility/StringUtility.h; sourceTree = "<group>"; };
		B609BD281C8BF8C40067B838 /* utility.cpp */ = {isa = PBXFileReference; lastKnownFileType = sourcecode.cpp.cpp; name = utility.cpp; path = utility/utility.cpp; sourceTree = "<group>"; };
		B609BD291C8BF8C40067B838 /* utility.h */ = {isa = PBXFileReference; lastKnownFileType = sourcecode.c.h; name = utility.h; path = utility/utility.h; sourceTree = "<group>"; };
		B6190C401C9AE5CD00903FF4 /* MenuLayer.cpp */ = {isa = PBXFileReference; fileEncoding = 4; lastKnownFileType = sourcecode.cpp.cpp; name = MenuLayer.cpp; path = scene/MenuLayer.cpp; sourceTree = "<group>"; };
		B6190C411C9AE5CD00903FF4 /* MenuLayer.hpp */ = {isa = PBXFileReference; fileEncoding = 4; lastKnownFileType = sourcecode.cpp.h; name = MenuLayer.hpp; path = scene/MenuLayer.hpp; sourceTree = "<group>"; };
		B63A05A71C87388F0061C902 /* sqlite */ = {isa = PBXFileReference; lastKnownFileType = folder; name = sqlite; path = /Users/kelvin/Desktop/KYGame/Classes/sqlite; sourceTree = "<absolute>"; };
		B63A05A91C8742D80061C902 /* libsqlite3.dylib */ = {isa = PBXFileReference; lastKnownFileType = "compiled.mach-o.dylib"; name = libsqlite3.dylib; path = ../../../../../usr/lib/libsqlite3.dylib; sourceTree = "<group>"; };
		B65B7DED1CA017E6007EDEBF /* scard0.png */ = {isa = PBXFileReference; lastKnownFileType = image.png; path = scard0.png; sourceTree = "<group>"; };
		B65B7DEE1CA017E6007EDEBF /* scard1.png */ = {isa = PBXFileReference; lastKnownFileType = image.png; path = scard1.png; sourceTree = "<group>"; };
		B65B7DEF1CA017E6007EDEBF /* scloth0.png */ = {isa = PBXFileReference; lastKnownFileType = image.png; path = scloth0.png; sourceTree = "<group>"; };
		B65B7DF01CA017E6007EDEBF /* scloth1.png */ = {isa = PBXFileReference; lastKnownFileType = image.png; path = scloth1.png; sourceTree = "<group>"; };
		B66C09CB1C85505E002C8270 /* aboutScene.png */ = {isa = PBXFileReference; lastKnownFileType = image.png; path = aboutScene.png; sourceTree = "<group>"; };
		B66C09CC1C85505E002C8270 /* authenticationBackGround.png */ = {isa = PBXFileReference; lastKnownFileType = image.png; path = authenticationBackGround.png; sourceTree = "<group>"; };
		B66C09CD1C85505E002C8270 /* back1.png */ = {isa = PBXFileReference; lastKnownFileType = image.png; path = back1.png; sourceTree = "<group>"; };
		B66C09CE1C85505E002C8270 /* back2.png */ = {isa = PBXFileReference; lastKnownFileType = image.png; path = back2.png; sourceTree = "<group>"; };
		B66C09CF1C85505E002C8270 /* csb */ = {isa = PBXFileReference; lastKnownFileType = folder; path = csb; sourceTree = "<group>"; };
		B66C09D01C85505E002C8270 /* Default */ = {isa = PBXFileReference; lastKnownFileType = folder; path = Default; sourceTree = "<group>"; };
		B66C09D11C85505F002C8270 /* dialogBackGround.png */ = {isa = PBXFileReference; lastKnownFileType = image.png; path = dialogBackGround.png; sourceTree = "<group>"; };
		B66C09D21C85505F002C8270 /* fonts */ = {isa = PBXFileReference; lastKnownFileType = folder; path = fonts; sourceTree = "<group>"; };
		B66C09D31C85505F002C8270 /* FZMWFont.ttf */ = {isa = PBXFileReference; lastKnownFileType = file; path = FZMWFont.ttf; sourceTree = "<group>"; };
		B66C09D61C85505F002C8270 /* karryRolebtn1.png */ = {isa = PBXFileReference; lastKnownFileType = image.png; path = karryRolebtn1.png; sourceTree = "<group>"; };
		B66C09D71C85505F002C8270 /* karryRolebtn2.png */ = {isa = PBXFileReference; lastKnownFileType = image.png; path = karryRolebtn2.png; sourceTree = "<group>"; };
		B66C09D81C85505F002C8270 /* LogInBackGround.png */ = {isa = PBXFileReference; lastKnownFileType = image.png; path = LogInBackGround.png; sourceTree = "<group>"; };
		B66C09DB1C85505F002C8270 /* okbtn1.png */ = {isa = PBXFileReference; lastKnownFileType = image.png; path = okbtn1.png; sourceTree = "<group>"; };
		B66C09DC1C85505F002C8270 /* okbtn2.png */ = {isa = PBXFileReference; lastKnownFileType = image.png; path = okbtn2.png; sourceTree = "<group>"; };
		B66C09DD1C85505F002C8270 /* RegeditBackground.png */ = {isa = PBXFileReference; lastKnownFileType = image.png; path = RegeditBackground.png; sourceTree = "<group>"; };
		B66C09E01C85505F002C8270 /* res */ = {isa = PBXFileReference; lastKnownFileType = folder; path = res; sourceTree = "<group>"; };
		B66C09E11C85505F002C8270 /* RoleSelectBackground.png */ = {isa = PBXFileReference; lastKnownFileType = image.png; path = RoleSelectBackground.png; sourceTree = "<group>"; };
		B66C09E21C85505F002C8270 /* royRolebtn1.png */ = {isa = PBXFileReference; lastKnownFileType = image.png; path = royRolebtn1.png; sourceTree = "<group>"; };
		B66C09E31C85505F002C8270 /* royRolebtn2.png */ = {isa = PBXFileReference; lastKnownFileType = image.png; path = royRolebtn2.png; sourceTree = "<group>"; };
		B66C09E81C85505F002C8270 /* TextField.png */ = {isa = PBXFileReference; lastKnownFileType = image.png; path = TextField.png; sourceTree = "<group>"; };
		B66C09E91C85505F002C8270 /* wending.TTF */ = {isa = PBXFileReference; lastKnownFileType = file; path = wending.TTF; sourceTree = "<group>"; };
		B67BB7781C8D16820063DED5 /* HomeScene.cpp */ = {isa = PBXFileReference; fileEncoding = 4; lastKnownFileType = sourcecode.cpp.cpp; name = HomeScene.cpp; path = scene/HomeScene.cpp; sourceTree = "<group>"; };
		B67BB7791C8D16820063DED5 /* HomeScene.hpp */ = {isa = PBXFileReference; fileEncoding = 4; lastKnownFileType = sourcecode.cpp.h; name = HomeScene.hpp; path = scene/HomeScene.hpp; sourceTree = "<group>"; };
		B67BB77C1C8D20A80063DED5 /* exit1.png */ = {isa = PBXFileReference; lastKnownFileType = image.png; path = exit1.png; sourceTree = "<group>"; };
		B67BB77D1C8D20A80063DED5 /* exit2.png */ = {isa = PBXFileReference; lastKnownFileType = image.png; path = exit2.png; sourceTree = "<group>"; };
		B67BB7821C8D20C30063DED5 /* HelloWorld.png */ = {isa = PBXFileReference; lastKnownFileType = image.png; path = HelloWorld.png; sourceTree = "<group>"; };
		B68C36BF1C96EBD1003595B2 /* radar.png */ = {isa = PBXFileReference; lastKnownFileType = image.png; path = radar.png; sourceTree = "<group>"; };
		B68F575A1C8928640008250A /* PropertyBackGround.png */ = {isa = PBXFileReference; lastKnownFileType = image.png; path = PropertyBackGround.png; sourceTree = "<group>"; };
		B6983C6C1C8BF21C00CA0AFE /* cocosproject */ = {isa = PBXFileReference; lastKnownFileType = folder; name = cocosproject; path = ../cocosproject; sourceTree = "<group>"; };
		B69B1BCD1C8C7E8C00BB77F5 /* Player.h */ = {isa = PBXFileReference; fileEncoding = 4; lastKnownFileType = sourcecode.c.h; name = Player.h; path = model/Player.h; sourceTree = "<group>"; };
		B6A35D161C9F9F5900C9F1C4 /* MailListScene.cpp */ = {isa = PBXFileReference; fileEncoding = 4; lastKnownFileType = sourcecode.cpp.cpp; name = MailListScene.cpp; path = scene/MailListScene.cpp; sourceTree = "<group>"; };
		B6A35D171C9F9F5900C9F1C4 /* MailListScene.hpp */ = {isa = PBXFileReference; fileEncoding = 4; lastKnownFileType = sourcecode.cpp.h; name = MailListScene.hpp; path = scene/MailListScene.hpp; sourceTree = "<group>"; };
		B6A808131C9BF19800F425F2 /* NoticeScene.cpp */ = {isa = PBXFileReference; fileEncoding = 4; lastKnownFileType = sourcecode.cpp.cpp; name = NoticeScene.cpp; path = scene/NoticeScene.cpp; sourceTree = "<group>"; };
		B6A808141C9BF19800F425F2 /* NoticeScene.hpp */ = {isa = PBXFileReference; fileEncoding = 4; lastKnownFileType = sourcecode.cpp.h; name = NoticeScene.hpp; path = scene/NoticeScene.hpp; sourceTree = "<group>"; };
		B6E1EF721C89DFBF00D55420 /* db */ = {isa = PBXFileReference; lastKnownFileType = folder; path = db; sourceTree = "<group>"; };
		B6EC36661C998992006AC374 /* Promptable.cpp */ = {isa = PBXFileReference; fileEncoding = 4; lastKnownFileType = sourcecode.cpp.cpp; name = Promptable.cpp; path = interface/Promptable.cpp; sourceTree = "<group>"; };
		B6EC36671C998992006AC374 /* Promptable.hpp */ = {isa = PBXFileReference; fileEncoding = 4; lastKnownFileType = sourcecode.cpp.h; name = Promptable.hpp; path = interface/Promptable.hpp; sourceTree = "<group>"; };
		B6F4731E1C8D003A00CD5804 /* Self.h */ = {isa = PBXFileReference; fileEncoding = 4; lastKnownFileType = sourcecode.c.h; name = Self.h; path = model/Self.h; sourceTree = "<group>"; };
		BF170DB012928DE900B8313A /* OpenGLES.framework */ = {isa = PBXFileReference; lastKnownFileType = wrapper.framework; name = OpenGLES.framework; path = System/Library/Frameworks/OpenGLES.framework; sourceTree = SDKROOT; };
		BF170DB412928DE900B8313A /* libz.dylib */ = {isa = PBXFileReference; lastKnownFileType = "compiled.mach-o.dylib"; name = libz.dylib; path = usr/lib/libz.dylib; sourceTree = SDKROOT; };
		BF1C47EA1293683800B63C5D /* QuartzCore.framework */ = {isa = PBXFileReference; lastKnownFileType = wrapper.framework; name = QuartzCore.framework; path = System/Library/Frameworks/QuartzCore.framework; sourceTree = SDKROOT; };
		D44C620B132DFF330009C878 /* OpenAL.framework */ = {isa = PBXFileReference; lastKnownFileType = wrapper.framework; name = OpenAL.framework; path = System/Library/Frameworks/OpenAL.framework; sourceTree = SDKROOT; };
		D44C620D132DFF430009C878 /* AVFoundation.framework */ = {isa = PBXFileReference; lastKnownFileType = wrapper.framework; name = AVFoundation.framework; path = System/Library/Frameworks/AVFoundation.framework; sourceTree = SDKROOT; };
		D44C620F132DFF4E0009C878 /* AudioToolbox.framework */ = {isa = PBXFileReference; lastKnownFileType = wrapper.framework; name = AudioToolbox.framework; path = System/Library/Frameworks/AudioToolbox.framework; sourceTree = SDKROOT; };
		D6B0611A1803AB670077942B /* CoreMotion.framework */ = {isa = PBXFileReference; lastKnownFileType = wrapper.framework; name = CoreMotion.framework; path = Platforms/iPhoneOS.platform/Developer/SDKs/iPhoneOS7.0.sdk/System/Library/Frameworks/CoreMotion.framework; sourceTree = DEVELOPER_DIR; };
		ED545A7B1B68A1F400C3958E /* libiconv.dylib */ = {isa = PBXFileReference; lastKnownFileType = "compiled.mach-o.dylib"; name = libiconv.dylib; path = Platforms/iPhoneOS.platform/Developer/SDKs/iPhoneOS8.4.sdk/usr/lib/libiconv.dylib; sourceTree = DEVELOPER_DIR; };
		ED545A7D1B68A1FA00C3958E /* libiconv.dylib */ = {isa = PBXFileReference; lastKnownFileType = "compiled.mach-o.dylib"; name = libiconv.dylib; path = usr/lib/libiconv.dylib; sourceTree = SDKROOT; };
/* End PBXFileReference section */

/* Begin PBXFrameworksBuildPhase section */
		1D60588F0D05DD3D006BFB54 /* Frameworks */ = {
			isa = PBXFrameworksBuildPhase;
			buildActionMask = 2147483647;
			files = (
				B63A05AA1C8742D80061C902 /* libsqlite3.dylib in Frameworks */,
				ED545A7C1B68A1F400C3958E /* libiconv.dylib in Frameworks */,
				52B47A471A53D09C004E4C60 /* Security.framework in Frameworks */,
				1AC6FB30180E99EB004C840B /* libcocos2d iOS.a in Frameworks */,
				D6B0611B1803AB670077942B /* CoreMotion.framework in Frameworks */,
				1D60589F0D05DD5A006BFB54 /* Foundation.framework in Frameworks */,
				1DF5F4E00D08C38300B7A737 /* UIKit.framework in Frameworks */,
				288765A50DF7441C002DB57D /* CoreGraphics.framework in Frameworks */,
				BF171245129291EC00B8313A /* OpenGLES.framework in Frameworks */,
				BF1712471292920000B8313A /* libz.dylib in Frameworks */,
				BF1C47F01293687400B63C5D /* QuartzCore.framework in Frameworks */,
				D44C620C132DFF330009C878 /* OpenAL.framework in Frameworks */,
				D44C620E132DFF430009C878 /* AVFoundation.framework in Frameworks */,
				D44C6210132DFF4E0009C878 /* AudioToolbox.framework in Frameworks */,
			);
			runOnlyForDeploymentPostprocessing = 0;
		};
		5087E75C17EB910900C73F5D /* Frameworks */ = {
			isa = PBXFrameworksBuildPhase;
			buildActionMask = 2147483647;
			files = (
				ED545A7E1B68A1FA00C3958E /* libiconv.dylib in Frameworks */,
				1AC6FB21180E996B004C840B /* libcocos2d Mac.a in Frameworks */,
				5087E76717EB910900C73F5D /* libz.dylib in Frameworks */,
				8262943E1AAF051F00CB7CF7 /* Security.framework in Frameworks */,
				503AE11B17EB9C5A00D1A890 /* IOKit.framework in Frameworks */,
				5087E78B17EB975400C73F5D /* OpenGL.framework in Frameworks */,
				5087E78917EB974C00C73F5D /* AppKit.framework in Frameworks */,
				5087E76317EB910900C73F5D /* Foundation.framework in Frameworks */,
				5087E76817EB910900C73F5D /* QuartzCore.framework in Frameworks */,
				5087E76917EB910900C73F5D /* OpenAL.framework in Frameworks */,
				5087E76A17EB910900C73F5D /* AVFoundation.framework in Frameworks */,
				5087E76B17EB910900C73F5D /* AudioToolbox.framework in Frameworks */,
			);
			runOnlyForDeploymentPostprocessing = 0;
		};
/* End PBXFrameworksBuildPhase section */

/* Begin PBXGroup section */
		080E96DDFE201D6D7F000001 /* ios */ = {
			isa = PBXGroup;
			children = (
				5087E77117EB970100C73F5D /* Icons */,
				503AE0FA17EB989F00D1A890 /* AppController.h */,
				503AE0FB17EB989F00D1A890 /* AppController.mm */,
				503AE0FC17EB989F00D1A890 /* main.m */,
				503AE0FD17EB989F00D1A890 /* Prefix.pch */,
				503AE0FE17EB989F00D1A890 /* RootViewController.h */,
				503AE0FF17EB989F00D1A890 /* RootViewController.mm */,
			);
			name = ios;
			path = Classes;
			sourceTree = "<group>";
		};
		19C28FACFE9D520D11CA2CBB /* Products */ = {
			isa = PBXGroup;
			children = (
				1D6058910D05DD3D006BFB54 /* KYGame-mobile.app */,
				5087E76F17EB910900C73F5D /* KYGame-desktop.app */,
			);
			name = Products;
			sourceTree = "<group>";
		};
		1AC6FAE6180E9839004C840B /* Products */ = {
			isa = PBXGroup;
			children = (
				1AC6FAF9180E9839004C840B /* libcocos2d Mac.a */,
				1AC6FB07180E9839004C840B /* libcocos2d iOS.a */,
			);
			name = Products;
			sourceTree = "<group>";
		};
		29B97314FDCFA39411CA2CEA /* CustomTemplate */ = {
			isa = PBXGroup;
			children = (
				B6983C6C1C8BF21C00CA0AFE /* cocosproject */,
				46880B8319C43A87006E1F66 /* Classes */,
				46880B7519C43A67006E1F66 /* Resources */,
				1AC6FAE5180E9839004C840B /* cocos2d_libs.xcodeproj */,
				29B97323FDCFA39411CA2CEA /* Frameworks */,
				080E96DDFE201D6D7F000001 /* ios */,
				503AE10617EB990700D1A890 /* mac */,
				19C28FACFE9D520D11CA2CBB /* Products */,
			);
			name = CustomTemplate;
			sourceTree = "<group>";
		};
		29B97323FDCFA39411CA2CEA /* Frameworks */ = {
			isa = PBXGroup;
			children = (
				B63A05A91C8742D80061C902 /* libsqlite3.dylib */,
				ED545A7D1B68A1FA00C3958E /* libiconv.dylib */,
				ED545A7B1B68A1F400C3958E /* libiconv.dylib */,
				8262943D1AAF051F00CB7CF7 /* Security.framework */,
				52B47A461A53D09B004E4C60 /* Security.framework */,
				D6B0611A1803AB670077942B /* CoreMotion.framework */,
				503AE11A17EB9C5A00D1A890 /* IOKit.framework */,
				503AE11117EB99EE00D1A890 /* libcurl.dylib */,
				5087E78A17EB975400C73F5D /* OpenGL.framework */,
				5087E78817EB974C00C73F5D /* AppKit.framework */,
				1ACB3243164770DE00914215 /* libcurl.a */,
				BF170DB412928DE900B8313A /* libz.dylib */,
				D44C620F132DFF4E0009C878 /* AudioToolbox.framework */,
				D44C620D132DFF430009C878 /* AVFoundation.framework */,
				288765A40DF7441C002DB57D /* CoreGraphics.framework */,
				1D30AB110D05D00D00671497 /* Foundation.framework */,
				D44C620B132DFF330009C878 /* OpenAL.framework */,
				BF170DB012928DE900B8313A /* OpenGLES.framework */,
				BF1C47EA1293683800B63C5D /* QuartzCore.framework */,
				1DF5F4DF0D08C38300B7A737 /* UIKit.framework */,
			);
			name = Frameworks;
			sourceTree = "<group>";
		};
		46880B7519C43A67006E1F66 /* Resources */ = {
			isa = PBXGroup;
			children = (
				B65B7DED1CA017E6007EDEBF /* scard0.png */,
				B65B7DEE1CA017E6007EDEBF /* scard1.png */,
				B65B7DEF1CA017E6007EDEBF /* scloth0.png */,
				B65B7DF01CA017E6007EDEBF /* scloth1.png */,
				B67BB7821C8D20C30063DED5 /* HelloWorld.png */,
				B67BB77C1C8D20A80063DED5 /* exit1.png */,
				B67BB77D1C8D20A80063DED5 /* exit2.png */,
				B6063C5D1C8B3C42003F9C9A /* wait8.png */,
				B6063C4F1C8B3BC2003F9C9A /* wait1.png */,
				B6063C501C8B3BC2003F9C9A /* wait2.png */,
				B6063C511C8B3BC2003F9C9A /* wait3.png */,
				B6063C521C8B3BC2003F9C9A /* wait4.png */,
				B6063C531C8B3BC2003F9C9A /* wait5.png */,
				B6063C541C8B3BC2003F9C9A /* wait6.png */,
				B6063C551C8B3BC2003F9C9A /* wait7.png */,
				B6E1EF721C89DFBF00D55420 /* db */,
				B66C09CB1C85505E002C8270 /* aboutScene.png */,
				B66C09CC1C85505E002C8270 /* authenticationBackGround.png */,
				B66C09CD1C85505E002C8270 /* back1.png */,
				B66C09CE1C85505E002C8270 /* back2.png */,
				B66C09CF1C85505E002C8270 /* csb */,
				B66C09D01C85505E002C8270 /* Default */,
				B66C09D11C85505F002C8270 /* dialogBackGround.png */,
				B66C09D21C85505F002C8270 /* fonts */,
				B66C09D31C85505F002C8270 /* FZMWFont.ttf */,
				B66C09D61C85505F002C8270 /* karryRolebtn1.png */,
				B66C09D71C85505F002C8270 /* karryRolebtn2.png */,
				B66C09D81C85505F002C8270 /* LogInBackGround.png */,
				B68C36BF1C96EBD1003595B2 /* radar.png */,
				B66C09DB1C85505F002C8270 /* okbtn1.png */,
				B66C09DC1C85505F002C8270 /* okbtn2.png */,
				B66C09DD1C85505F002C8270 /* RegeditBackground.png */,
				B66C09E01C85505F002C8270 /* res */,
				B66C09E11C85505F002C8270 /* RoleSelectBackground.png */,
				B66C09E21C85505F002C8270 /* royRolebtn1.png */,
				B66C09E31C85505F002C8270 /* royRolebtn2.png */,
				B66C09E81C85505F002C8270 /* TextField.png */,
				B66C09E91C85505F002C8270 /* wending.TTF */,
				B68F575A1C8928640008250A /* PropertyBackGround.png */,
				521A8EA819F11F5000D177D7 /* fonts */,
				3EACC98E19EE6D4300EB3C5E /* res */,
			);
			name = Resources;
			path = ../Resources;
			sourceTree = "<group>";
		};
		46880B8319C43A87006E1F66 /* Classes */ = {
			isa = PBXGroup;
			children = (
				B6EC36651C99896B006AC374 /* interface */,
				B609BD371C8BF9500067B838 /* scene */,
				B609BD361C8BF9390067B838 /* utility */,
				B609BD351C8BF91A0067B838 /* sqlite3 */,
				B609BD341C8BF8F70067B838 /* model */,
				46880B8419C43A87006E1F66 /* AppDelegate.cpp */,
				46880B8519C43A87006E1F66 /* AppDelegate.h */,
			);
			name = Classes;
			path = ../Classes;
			sourceTree = "<group>";
		};
		503AE0F517EB97AB00D1A890 /* Icons */ = {
			isa = PBXGroup;
			children = (
				503AE0F617EB97AB00D1A890 /* Icon.icns */,
				503AE0F717EB97AB00D1A890 /* Info.plist */,
			);
			name = Icons;
			path = mac;
			sourceTree = SOURCE_ROOT;
		};
		503AE10617EB990700D1A890 /* mac */ = {
			isa = PBXGroup;
			children = (
				503AE0F517EB97AB00D1A890 /* Icons */,
				503AE10317EB98FF00D1A890 /* main.cpp */,
				503AE10417EB98FF00D1A890 /* Prefix.pch */,
			);
			name = mac;
			sourceTree = "<group>";
		};
		5087E77117EB970100C73F5D /* Icons */ = {
			isa = PBXGroup;
			children = (
				521A8E6219F0C34300D177D7 /* Default-667h@2x.png */,
				521A8E6319F0C34300D177D7 /* Default-736h@3x.png */,
				5087E77217EB970100C73F5D /* Default-568h@2x.png */,
				5087E77317EB970100C73F5D /* Default.png */,
				5087E77417EB970100C73F5D /* Default@2x.png */,
				50EF62A017ECD613001EB2F8 /* Icon-29.png */,
				50EF62A117ECD613001EB2F8 /* Icon-50.png */,
				50EF629217ECD46A001EB2F8 /* Icon-40.png */,
				50EF629317ECD46A001EB2F8 /* Icon-58.png */,
				50EF629417ECD46A001EB2F8 /* Icon-80.png */,
				50EF629517ECD46A001EB2F8 /* Icon-100.png */,
				5087E77517EB970100C73F5D /* Icon-114.png */,
				5087E77617EB970100C73F5D /* Icon-120.png */,
				5087E77717EB970100C73F5D /* Icon-144.png */,
				5087E77817EB970100C73F5D /* Icon-152.png */,
				5087E77917EB970100C73F5D /* Icon-57.png */,
				5087E77A17EB970100C73F5D /* Icon-72.png */,
				5087E77B17EB970100C73F5D /* Icon-76.png */,
				5087E77C17EB970100C73F5D /* Info.plist */,
			);
			name = Icons;
			path = ios;
			sourceTree = SOURCE_ROOT;
		};
		B609BD341C8BF8F70067B838 /* model */ = {
			isa = PBXGroup;
			children = (
				B69B1BCD1C8C7E8C00BB77F5 /* Player.h */,
				B609BCF61C8BF88C0067B838 /* Player.cpp */,
				B609BCF81C8BF88C0067B838 /* Self.cpp */,
				B6F4731E1C8D003A00CD5804 /* Self.h */,
			);
			name = model;
			sourceTree = "<group>";
		};
		B609BD351C8BF91A0067B838 /* sqlite3 */ = {
			isa = PBXGroup;
			children = (
				B609BD1A1C8BF8AD0067B838 /* sqlite3.c */,
				B609BD1B1C8BF8AD0067B838 /* sqlite3.h */,
				B609BD1C1C8BF8AD0067B838 /* sqlite3ext.h */,
			);
			name = sqlite3;
			sourceTree = "<group>";
		};
		B609BD361C8BF9390067B838 /* utility */ = {
			isa = PBXGroup;
			children = (
				B609BD201C8BF8C40067B838 /* DataUtility.cpp */,
				B609BD211C8BF8C40067B838 /* DataUtility.h */,
				B609BD221C8BF8C40067B838 /* GCCsvHelper.cpp */,
				B609BD231C8BF8C40067B838 /* GCCsvHelper.hpp */,
				B609BD241C8BF8C40067B838 /* HttpUtility.cpp */,
				B609BD251C8BF8C40067B838 /* HttpUtility.h */,
				B609BD261C8BF8C40067B838 /* StringUtility.cpp */,
				B609BD271C8BF8C40067B838 /* StringUtility.h */,
				B609BD281C8BF8C40067B838 /* utility.cpp */,
				B609BD291C8BF8C40067B838 /* utility.h */,
			);
			name = utility;
			sourceTree = "<group>";
		};
		B609BD371C8BF9500067B838 /* scene */ = {
			isa = PBXGroup;
			children = (
				B609BCFE1C8BF89A0067B838 /* AboutScene.cpp */,
				B609BCFF1C8BF89A0067B838 /* AboutScene.h */,
				B609BD001C8BF89A0067B838 /* AuthenticationScene.cpp */,
				B609BD011C8BF89A0067B838 /* AuthenticationScene.h */,
				B609BD021C8BF89A0067B838 /* DialogLayer.cpp */,
				B609BD031C8BF89A0067B838 /* DialogLayer.h */,
				B609BD041C8BF89A0067B838 /* LogInScene.cpp */,
				B609BD051C8BF89A0067B838 /* LogInScene.h */,
				B609BD061C8BF89A0067B838 /* PropertyScene.cpp */,
				B609BD071C8BF89B0067B838 /* PropertyScene.hpp */,
				B609BD081C8BF89B0067B838 /* RegeditScene.cpp */,
				B609BD091C8BF89B0067B838 /* RegeditScene.h */,
				B609BD0A1C8BF89B0067B838 /* WaitLayer.cpp */,
				B609BD0B1C8BF89B0067B838 /* WaitLayer.hpp */,
				B67BB7781C8D16820063DED5 /* HomeScene.cpp */,
				B67BB7791C8D16820063DED5 /* HomeScene.hpp */,
				B6190C401C9AE5CD00903FF4 /* MenuLayer.cpp */,
				B6190C411C9AE5CD00903FF4 /* MenuLayer.hpp */,
				B6A808131C9BF19800F425F2 /* NoticeScene.cpp */,
				B6A808141C9BF19800F425F2 /* NoticeScene.hpp */,
				B6A35D161C9F9F5900C9F1C4 /* MailListScene.cpp */,
				B6A35D171C9F9F5900C9F1C4 /* MailListScene.hpp */,
			);
			name = scene;
			sourceTree = "<group>";
		};
		B6EC36651C99896B006AC374 /* interface */ = {
			isa = PBXGroup;
			children = (
				B6EC36661C998992006AC374 /* Promptable.cpp */,
				B6EC36671C998992006AC374 /* Promptable.hpp */,
			);
			name = interface;
			sourceTree = "<group>";
		};
/* End PBXGroup section */

/* Begin PBXNativeTarget section */
		1D6058900D05DD3D006BFB54 /* KYGame-mobile */ = {
			isa = PBXNativeTarget;
			buildConfigurationList = 1D6058960D05DD3E006BFB54 /* Build configuration list for PBXNativeTarget "KYGame-mobile" */;
			buildPhases = (
				1D60588D0D05DD3D006BFB54 /* Resources */,
				1D60588E0D05DD3D006BFB54 /* Sources */,
				1D60588F0D05DD3D006BFB54 /* Frameworks */,
			);
			buildRules = (
			);
			dependencies = (
				1AC6FB25180E99E1004C840B /* PBXTargetDependency */,
			);
			name = "KYGame-mobile";
			productName = iphone;
			productReference = 1D6058910D05DD3D006BFB54 /* KYGame-mobile.app */;
			productType = "com.apple.product-type.application";
		};
		5087E73D17EB910900C73F5D /* KYGame-desktop */ = {
			isa = PBXNativeTarget;
			buildConfigurationList = 5087E76C17EB910900C73F5D /* Build configuration list for PBXNativeTarget "KYGame-desktop" */;
			buildPhases = (
				5087E74817EB910900C73F5D /* Resources */,
				5087E75617EB910900C73F5D /* Sources */,
				5087E75C17EB910900C73F5D /* Frameworks */,
			);
			buildRules = (
			);
			dependencies = (
				1AC6FB16180E9959004C840B /* PBXTargetDependency */,
			);
			name = "KYGame-desktop";
			productName = iphone;
			productReference = 5087E76F17EB910900C73F5D /* KYGame-desktop.app */;
			productType = "com.apple.product-type.application";
		};
/* End PBXNativeTarget section */

/* Begin PBXProject section */
		29B97313FDCFA39411CA2CEA /* Project object */ = {
			isa = PBXProject;
			attributes = {
				LastUpgradeCheck = 0720;
				TargetAttributes = {
					1D6058900D05DD3D006BFB54 = {
						DevelopmentTeam = NSG97D6AYV;
					};
				};
			};
			buildConfigurationList = C01FCF4E08A954540054247B /* Build configuration list for PBXProject "KYGame" */;
			compatibilityVersion = "Xcode 3.2";
			developmentRegion = English;
			hasScannedForEncodings = 1;
			knownRegions = (
				English,
				Japanese,
				French,
				German,
			);
			mainGroup = 29B97314FDCFA39411CA2CEA /* CustomTemplate */;
			projectDirPath = "";
			projectReferences = (
				{
					ProductGroup = 1AC6FAE6180E9839004C840B /* Products */;
					ProjectRef = 1AC6FAE5180E9839004C840B /* cocos2d_libs.xcodeproj */;
				},
			);
			projectRoot = "";
			targets = (
				1D6058900D05DD3D006BFB54 /* KYGame-mobile */,
				5087E73D17EB910900C73F5D /* KYGame-desktop */,
			);
		};
/* End PBXProject section */

/* Begin PBXReferenceProxy section */
		1AC6FAF9180E9839004C840B /* libcocos2d Mac.a */ = {
			isa = PBXReferenceProxy;
			fileType = archive.ar;
			path = "libcocos2d Mac.a";
			remoteRef = 1AC6FAF8180E9839004C840B /* PBXContainerItemProxy */;
			sourceTree = BUILT_PRODUCTS_DIR;
		};
		1AC6FB07180E9839004C840B /* libcocos2d iOS.a */ = {
			isa = PBXReferenceProxy;
			fileType = archive.ar;
			path = "libcocos2d iOS.a";
			remoteRef = 1AC6FB06180E9839004C840B /* PBXContainerItemProxy */;
			sourceTree = BUILT_PRODUCTS_DIR;
		};
/* End PBXReferenceProxy section */

/* Begin PBXResourcesBuildPhase section */
		1D60588D0D05DD3D006BFB54 /* Resources */ = {
			isa = PBXResourcesBuildPhase;
			buildActionMask = 2147483647;
			files = (
				5087E78117EB970100C73F5D /* Icon-120.png in Resources */,
				B6E1EF731C89DFBF00D55420 /* db in Resources */,
				B66C0A011C85505F002C8270 /* res in Resources */,
				5087E78617EB970100C73F5D /* Icon-76.png in Resources */,
				5087E77F17EB970100C73F5D /* Default@2x.png in Resources */,
				B66C09F11C85505F002C8270 /* Default in Resources */,
				B67BB77F1C8D20A90063DED5 /* exit2.png in Resources */,
				50EF629917ECD46A001EB2F8 /* Icon-100.png in Resources */,
				B66C09F41C85505F002C8270 /* FZMWFont.ttf in Resources */,
				B66C09F81C85505F002C8270 /* karryRolebtn2.png in Resources */,
				5087E78317EB970100C73F5D /* Icon-152.png in Resources */,
				5087E77D17EB970100C73F5D /* Default-568h@2x.png in Resources */,
				5087E78517EB970100C73F5D /* Icon-72.png in Resources */,
				B66C09EC1C85505F002C8270 /* aboutScene.png in Resources */,
				B66C0A091C85505F002C8270 /* TextField.png in Resources */,
				B66C09F01C85505F002C8270 /* csb in Resources */,
				521A8E6519F0C34300D177D7 /* Default-736h@3x.png in Resources */,
				B66C09F91C85505F002C8270 /* LogInBackGround.png in Resources */,
				B65B7DF11CA017E6007EDEBF /* scard0.png in Resources */,
				B67BB7831C8D20C40063DED5 /* HelloWorld.png in Resources */,
				B66C0A0A1C85505F002C8270 /* wending.TTF in Resources */,
				521A8EA919F11F5000D177D7 /* fonts in Resources */,
				B6063C5A1C8B3BC2003F9C9A /* wait5.png in Resources */,
				B6063C571C8B3BC2003F9C9A /* wait2.png in Resources */,
				B68C36C01C96EBD1003595B2 /* radar.png in Resources */,
				B66C09EE1C85505F002C8270 /* back1.png in Resources */,
				50EF62A317ECD613001EB2F8 /* Icon-50.png in Resources */,
				5087E78017EB970100C73F5D /* Icon-114.png in Resources */,
				B67BB77E1C8D20A80063DED5 /* exit1.png in Resources */,
				B6063C581C8B3BC2003F9C9A /* wait3.png in Resources */,
				B6063C5B1C8B3BC2003F9C9A /* wait6.png in Resources */,
				B65B7DF31CA017E6007EDEBF /* scloth0.png in Resources */,
				B65B7DF41CA017E6007EDEBF /* scloth1.png in Resources */,
				50EF62A217ECD613001EB2F8 /* Icon-29.png in Resources */,
				B66C09FC1C85505F002C8270 /* okbtn1.png in Resources */,
				B66C09FE1C85505F002C8270 /* RegeditBackground.png in Resources */,
				50EF629617ECD46A001EB2F8 /* Icon-40.png in Resources */,
				B65B7DF21CA017E6007EDEBF /* scard1.png in Resources */,
				B6063C561C8B3BC2003F9C9A /* wait1.png in Resources */,
				B66C09F21C85505F002C8270 /* dialogBackGround.png in Resources */,
				B6063C5C1C8B3BC2003F9C9A /* wait7.png in Resources */,
				5087E78217EB970100C73F5D /* Icon-144.png in Resources */,
				B68F575B1C8928640008250A /* PropertyBackGround.png in Resources */,
				B6063C5E1C8B3C42003F9C9A /* wait8.png in Resources */,
				3EACC98F19EE6D4300EB3C5E /* res in Resources */,
				B66C09F31C85505F002C8270 /* fonts in Resources */,
				B66C0A031C85505F002C8270 /* royRolebtn1.png in Resources */,
				B63A05A81C87388F0061C902 /* sqlite in Resources */,
				B66C09EF1C85505F002C8270 /* back2.png in Resources */,
				B6983C6E1C8BF21D00CA0AFE /* cocosproject in Resources */,
				B66C0A041C85505F002C8270 /* royRolebtn2.png in Resources */,
				50EF629817ECD46A001EB2F8 /* Icon-80.png in Resources */,
				B66C09F71C85505F002C8270 /* karryRolebtn1.png in Resources */,
				5087E78417EB970100C73F5D /* Icon-57.png in Resources */,
				B6063C591C8B3BC2003F9C9A /* wait4.png in Resources */,
				5087E77E17EB970100C73F5D /* Default.png in Resources */,
				B66C0A021C85505F002C8270 /* RoleSelectBackground.png in Resources */,
				521A8E6419F0C34300D177D7 /* Default-667h@2x.png in Resources */,
				B66C09FD1C85505F002C8270 /* okbtn2.png in Resources */,
				50EF629717ECD46A001EB2F8 /* Icon-58.png in Resources */,
				B66C09ED1C85505F002C8270 /* authenticationBackGround.png in Resources */,
			);
			runOnlyForDeploymentPostprocessing = 0;
		};
		5087E74817EB910900C73F5D /* Resources */ = {
			isa = PBXResourcesBuildPhase;
			buildActionMask = 2147483647;
			files = (
				503AE0F817EB97AB00D1A890 /* Icon.icns in Resources */,
				3EACC99019EE6D4300EB3C5E /* res in Resources */,
				521A8EAA19F11F5000D177D7 /* fonts in Resources */,
			);
			runOnlyForDeploymentPostprocessing = 0;
		};
/* End PBXResourcesBuildPhase section */

/* Begin PBXSourcesBuildPhase section */
		1D60588E0D05DD3D006BFB54 /* Sources */ = {
			isa = PBXSourcesBuildPhase;
			buildActionMask = 2147483647;
			files = (
				B609BD2A1C8BF8C40067B838 /* DataUtility.cpp in Sources */,
				B609BD2B1C8BF8C40067B838 /* DataUtility.h in Sources */,
				B609BD2C1C8BF8C40067B838 /* GCCsvHelper.cpp in Sources */,
				B609BD2D1C8BF8C40067B838 /* GCCsvHelper.hpp in Sources */,
				B609BD2E1C8BF8C40067B838 /* HttpUtility.cpp in Sources */,
				B609BD2F1C8BF8C40067B838 /* HttpUtility.h in Sources */,
				B609BD301C8BF8C40067B838 /* StringUtility.cpp in Sources */,
				B609BD311C8BF8C40067B838 /* StringUtility.h in Sources */,
				B609BD321C8BF8C40067B838 /* utility.cpp in Sources */,
				B609BD331C8BF8C40067B838 /* utility.h in Sources */,
				B67BB77A1C8D16820063DED5 /* HomeScene.cpp in Sources */,
				B609BD1D1C8BF8AD0067B838 /* sqlite3.c in Sources */,
				B609BD1E1C8BF8AD0067B838 /* sqlite3.h in Sources */,
				B609BD1F1C8BF8AD0067B838 /* sqlite3ext.h in Sources */,
				B609BD0C1C8BF89B0067B838 /* AboutScene.cpp in Sources */,
				B6190C421C9AE5CD00903FF4 /* MenuLayer.cpp in Sources */,
				B609BD0D1C8BF89B0067B838 /* AboutScene.h in Sources */,
				B609BD0E1C8BF89B0067B838 /* AuthenticationScene.cpp in Sources */,
				B609BD0F1C8BF89B0067B838 /* AuthenticationScene.h in Sources */,
				B609BD101C8BF89B0067B838 /* DialogLayer.cpp in Sources */,
				B609BD111C8BF89B0067B838 /* DialogLayer.h in Sources */,
				B609BD121C8BF89B0067B838 /* LogInScene.cpp in Sources */,
				B609BD131C8BF89B0067B838 /* LogInScene.h in Sources */,
				B609BD141C8BF89B0067B838 /* PropertyScene.cpp in Sources */,
				B609BD151C8BF89B0067B838 /* PropertyScene.hpp in Sources */,
				B609BD161C8BF89B0067B838 /* RegeditScene.cpp in Sources */,
				B609BD171C8BF89B0067B838 /* RegeditScene.h in Sources */,
				B609BD181C8BF89B0067B838 /* WaitLayer.cpp in Sources */,
				B609BD191C8BF89B0067B838 /* WaitLayer.hpp in Sources */,
				B609BCFA1C8BF88C0067B838 /* Player.cpp in Sources */,
				B609BCFC1C8BF88C0067B838 /* Self.cpp in Sources */,
				B609BCAB1C8BF6C20067B838 /* AppDelegate.h in Sources */,
				B6A35D181C9F9F5900C9F1C4 /* MailListScene.cpp in Sources */,
				46880B8819C43A87006E1F66 /* AppDelegate.cpp in Sources */,
				503AE10017EB989F00D1A890 /* AppController.mm in Sources */,
				B6A808151C9BF19800F425F2 /* NoticeScene.cpp in Sources */,
				B6EC36681C998992006AC374 /* Promptable.cpp in Sources */,
				503AE10217EB989F00D1A890 /* RootViewController.mm in Sources */,
				503AE10117EB989F00D1A890 /* main.m in Sources */,
			);
			runOnlyForDeploymentPostprocessing = 0;
		};
		5087E75617EB910900C73F5D /* Sources */ = {
			isa = PBXSourcesBuildPhase;
			buildActionMask = 2147483647;
			files = (
				46880B8919C43A87006E1F66 /* AppDelegate.cpp in Sources */,
				503AE10517EB98FF00D1A890 /* main.cpp in Sources */,
			);
			runOnlyForDeploymentPostprocessing = 0;
		};
/* End PBXSourcesBuildPhase section */

/* Begin PBXTargetDependency section */
		1AC6FB16180E9959004C840B /* PBXTargetDependency */ = {
			isa = PBXTargetDependency;
			name = "cocos2dx Mac";
			targetProxy = 1AC6FB15180E9959004C840B /* PBXContainerItemProxy */;
		};
		1AC6FB25180E99E1004C840B /* PBXTargetDependency */ = {
			isa = PBXTargetDependency;
			name = "cocos2dx iOS";
			targetProxy = 1AC6FB24180E99E1004C840B /* PBXContainerItemProxy */;
		};
/* End PBXTargetDependency section */

/* Begin XCBuildConfiguration section */
		1D6058940D05DD3E006BFB54 /* Debug */ = {
			isa = XCBuildConfiguration;
			buildSettings = {
				ALWAYS_SEARCH_USER_PATHS = YES;
				CODE_SIGN_IDENTITY = "iPhone Developer: 1642127033@qq.com (4H9J3QADQ5)";
				"CODE_SIGN_IDENTITY[sdk=iphoneos*]" = "iPhone Developer: 1642127033@qq.com (4H9J3QADQ5)";
				COMPRESS_PNG_FILES = NO;
				ENABLE_BITCODE = NO;
				GCC_DYNAMIC_NO_PIC = NO;
				GCC_INLINES_ARE_PRIVATE_EXTERN = NO;
				GCC_PRECOMPILE_PREFIX_HEADER = YES;
				GCC_PREFIX_HEADER = ios/Prefix.pch;
				GCC_PREPROCESSOR_DEFINITIONS = (
					USE_FILE32API,
					CC_TARGET_OS_IPHONE,
					"COCOS2D_DEBUG=1",
					"CC_ENABLE_CHIPMUNK_INTEGRATION=1",
				);
				GCC_SYMBOLS_PRIVATE_EXTERN = NO;
				HEADER_SEARCH_PATHS = (
					"$(inherited)",
					"$(SRCROOT)/../cocos2d/cocos/platform/ios",
					"$(SRCROOT)/../cocos2d/cocos/platform/ios/Simulation",
				);
				INFOPLIST_FILE = ios/Info.plist;
				IPHONEOS_DEPLOYMENT_TARGET = 6.0;
				LIBRARY_SEARCH_PATHS = "";
				ONLY_ACTIVE_ARCH = NO;
				OTHER_LDFLAGS = (
					"$(_COCOS_LIB_IOS_BEGIN)",
					"$(_COCOS_LIB_IOS_END)",
				);
				PRODUCT_BUNDLE_IDENTIFIER = org.cocos2dx.KYGame;
				PROVISIONING_PROFILE = "";
				SDKROOT = iphoneos;
				TARGETED_DEVICE_FAMILY = "1,2";
				USER_HEADER_SEARCH_PATHS = "$(_COCOS_HEADER_IOS_BEGIN) $(_COCOS_HEADER_IOS_END)";
				VALID_ARCHS = "arm64 armv7 armv7s";
			};
			name = Debug;
		};
		1D6058950D05DD3E006BFB54 /* Release */ = {
			isa = XCBuildConfiguration;
			buildSettings = {
				ALWAYS_SEARCH_USER_PATHS = YES;
				CODE_SIGN_IDENTITY = "iPhone Developer: 1642127033@qq.com (4H9J3QADQ5)";
				"CODE_SIGN_IDENTITY[sdk=*]" = "iPhone Developer: 1642127033@qq.com (4H9J3QADQ5)";
				COMPRESS_PNG_FILES = NO;
				ENABLE_BITCODE = NO;
				GCC_INLINES_ARE_PRIVATE_EXTERN = NO;
				GCC_PRECOMPILE_PREFIX_HEADER = YES;
				GCC_PREFIX_HEADER = ios/Prefix.pch;
				GCC_PREPROCESSOR_DEFINITIONS = (
					USE_FILE32API,
					CC_TARGET_OS_IPHONE,
					"CC_ENABLE_CHIPMUNK_INTEGRATION=1",
				);
				GCC_SYMBOLS_PRIVATE_EXTERN = NO;
				HEADER_SEARCH_PATHS = (
					"$(inherited)",
					"$(SRCROOT)/../cocos2d/cocos/platform/ios",
					"$(SRCROOT)/../cocos2d/cocos/platform/ios/Simulation",
				);
				INFOPLIST_FILE = ios/Info.plist;
				IPHONEOS_DEPLOYMENT_TARGET = 6.0;
				LIBRARY_SEARCH_PATHS = "";
				ONLY_ACTIVE_ARCH = NO;
				OTHER_LDFLAGS = (
					"$(_COCOS_LIB_IOS_BEGIN)",
					"$(_COCOS_LIB_IOS_END)",
				);
				PRODUCT_BUNDLE_IDENTIFIER = org.cocos2dx.KYGame;
				PROVISIONING_PROFILE = "";
				SDKROOT = iphoneos;
				TARGETED_DEVICE_FAMILY = "1,2";
				USER_HEADER_SEARCH_PATHS = "$(_COCOS_HEADER_IOS_BEGIN) $(_COCOS_HEADER_IOS_END)";
				VALID_ARCHS = "arm64 armv7 armv7s";
			};
			name = Release;
		};
		5087E76D17EB910900C73F5D /* Debug */ = {
			isa = XCBuildConfiguration;
			buildSettings = {
				ALWAYS_SEARCH_USER_PATHS = YES;
				CLANG_CXX_LANGUAGE_STANDARD = "c++0x";
				CLANG_CXX_LIBRARY = "libc++";
				COMBINE_HIDPI_IMAGES = YES;
				GCC_DYNAMIC_NO_PIC = NO;
				GCC_INLINES_ARE_PRIVATE_EXTERN = NO;
				GCC_PRECOMPILE_PREFIX_HEADER = YES;
				GCC_PREFIX_HEADER = mac/Prefix.pch;
				GCC_PREPROCESSOR_DEFINITIONS = (
					USE_FILE32API,
					CC_TARGET_OS_MAC,
					"COCOS2D_DEBUG=1",
					"CC_ENABLE_CHIPMUNK_INTEGRATION=1",
				);
				GCC_SYMBOLS_PRIVATE_EXTERN = NO;
				HEADER_SEARCH_PATHS = (
					"$(inherited)",
					"$(SRCROOT)/../cocos2d/cocos/platform/mac",
					"$(SRCROOT)/../cocos2d/external/glfw3/include/mac",
				);
				INFOPLIST_FILE = mac/Info.plist;
				LIBRARY_SEARCH_PATHS = "";
				OTHER_LDFLAGS = (
					"$(_COCOS_LIB_MAC_BEGIN)",
					"$(_COCOS_LIB_MAC_END)",
				);
				PRODUCT_BUNDLE_IDENTIFIER = org.cocos2dx.KYGame;
				USER_HEADER_SEARCH_PATHS = "$(_COCOS_HEADER_MAC_BEGIN) $(_COCOS_HEADER_MAC_END)";
			};
			name = Debug;
		};
		5087E76E17EB910900C73F5D /* Release */ = {
			isa = XCBuildConfiguration;
			buildSettings = {
				ALWAYS_SEARCH_USER_PATHS = YES;
				CLANG_CXX_LANGUAGE_STANDARD = "c++0x";
				CLANG_CXX_LIBRARY = "libc++";
				COMBINE_HIDPI_IMAGES = YES;
				GCC_INLINES_ARE_PRIVATE_EXTERN = NO;
				GCC_PRECOMPILE_PREFIX_HEADER = YES;
				GCC_PREFIX_HEADER = mac/Prefix.pch;
				GCC_PREPROCESSOR_DEFINITIONS = (
					USE_FILE32API,
					CC_TARGET_OS_MAC,
					"CC_ENABLE_CHIPMUNK_INTEGRATION=1",
				);
				GCC_SYMBOLS_PRIVATE_EXTERN = NO;
				HEADER_SEARCH_PATHS = (
					"$(inherited)",
					"$(SRCROOT)/../cocos2d/cocos/platform/mac",
					"$(SRCROOT)/../cocos2d/external/glfw3/include/mac",
				);
				INFOPLIST_FILE = mac/Info.plist;
				LIBRARY_SEARCH_PATHS = "";
				OTHER_LDFLAGS = (
					"$(_COCOS_LIB_MAC_BEGIN)",
					"$(_COCOS_LIB_MAC_END)",
				);
				PRODUCT_BUNDLE_IDENTIFIER = org.cocos2dx.KYGame;
				USER_HEADER_SEARCH_PATHS = "$(_COCOS_HEADER_MAC_BEGIN) $(_COCOS_HEADER_MAC_END)";
			};
			name = Release;
		};
		C01FCF4F08A954540054247B /* Debug */ = {
			isa = XCBuildConfiguration;
			buildSettings = {
				CLANG_CXX_LANGUAGE_STANDARD = "c++0x";
				CLANG_CXX_LIBRARY = "libc++";
				COPY_PHASE_STRIP = NO;
				ENABLE_TESTABILITY = YES;
				GCC_OPTIMIZATION_LEVEL = 0;
				GCC_WARN_ABOUT_RETURN_TYPE = YES;
				GCC_WARN_UNUSED_VARIABLE = YES;
				HEADER_SEARCH_PATHS = (
					"$(SRCROOT)/../cocos2d",
					"$(SRCROOT)/../cocos2d/cocos",
					"$(SRCROOT)/../cocos2d/cocos/base",
					"$(SRCROOT)/../cocos2d/cocos/physics",
					"$(SRCROOT)/../cocos2d/cocos/math",
					"$(SRCROOT)/../cocos2d/cocos/2d",
					"$(SRCROOT)/../cocos2d/cocos/ui",
					"$(SRCROOT)/../cocos2d/cocos/network",
					"$(SRCROOT)/../cocos2d/cocos/audio/include",
					"$(SRCROOT)/../cocos2d/cocos/editor-support",
					"$(SRCROOT)/../cocos2d/extensions",
					"$(SRCROOT)/../cocos2d/external",
					"$(SRCROOT)/../cocos2d/external/chipmunk/include/chipmunk",
				);
				IPHONEOS_DEPLOYMENT_TARGET = 6.0;
				MACOSX_DEPLOYMENT_TARGET = 10.7;
				ONLY_ACTIVE_ARCH = YES;
				PRODUCT_NAME = "$(TARGET_NAME)";
				SCAN_ALL_SOURCE_FILES_FOR_INCLUDES = YES;
				SDKROOT = macosx;
			};
			name = Debug;
		};
		C01FCF5008A954540054247B /* Release */ = {
			isa = XCBuildConfiguration;
			buildSettings = {
				CLANG_CXX_LANGUAGE_STANDARD = "c++0x";
				CLANG_CXX_LIBRARY = "libc++";
				GCC_WARN_ABOUT_RETURN_TYPE = YES;
				GCC_WARN_UNUSED_VARIABLE = YES;
				HEADER_SEARCH_PATHS = (
					"$(SRCROOT)/../cocos2d",
					"$(SRCROOT)/../cocos2d/cocos",
					"$(SRCROOT)/../cocos2d/cocos/base",
					"$(SRCROOT)/../cocos2d/cocos/physics",
					"$(SRCROOT)/../cocos2d/cocos/math",
					"$(SRCROOT)/../cocos2d/cocos/2d",
					"$(SRCROOT)/../cocos2d/cocos/ui",
					"$(SRCROOT)/../cocos2d/cocos/network",
					"$(SRCROOT)/../cocos2d/cocos/audio/include",
					"$(SRCROOT)/../cocos2d/cocos/editor-support",
					"$(SRCROOT)/../cocos2d/extensions",
					"$(SRCROOT)/../cocos2d/external",
					"$(SRCROOT)/../cocos2d/external/chipmunk/include/chipmunk",
				);
				IPHONEOS_DEPLOYMENT_TARGET = 6.0;
				MACOSX_DEPLOYMENT_TARGET = 10.7;
				OTHER_CFLAGS = "-DNS_BLOCK_ASSERTIONS=1";
				PRODUCT_NAME = "$(TARGET_NAME)";
				SCAN_ALL_SOURCE_FILES_FOR_INCLUDES = YES;
				SDKROOT = macosx;
				VALIDATE_PRODUCT = YES;
			};
			name = Release;
		};
/* End XCBuildConfiguration section */

/* Begin XCConfigurationList section */
		1D6058960D05DD3E006BFB54 /* Build configuration list for PBXNativeTarget "KYGame-mobile" */ = {
			isa = XCConfigurationList;
			buildConfigurations = (
				1D6058940D05DD3E006BFB54 /* Debug */,
				1D6058950D05DD3E006BFB54 /* Release */,
			);
			defaultConfigurationIsVisible = 0;
			defaultConfigurationName = Debug;
		};
		5087E76C17EB910900C73F5D /* Build configuration list for PBXNativeTarget "KYGame-desktop" */ = {
			isa = XCConfigurationList;
			buildConfigurations = (
				5087E76D17EB910900C73F5D /* Debug */,
				5087E76E17EB910900C73F5D /* Release */,
			);
			defaultConfigurationIsVisible = 0;
			defaultConfigurationName = Debug;
		};
		C01FCF4E08A954540054247B /* Build configuration list for PBXProject "KYGame" */ = {
			isa = XCConfigurationList;
			buildConfigurations = (
				C01FCF4F08A954540054247B /* Debug */,
				C01FCF5008A954540054247B /* Release */,
			);
			defaultConfigurationIsVisible = 0;
			defaultConfigurationName = Debug;
		};
/* End XCConfigurationList section */
	};
	rootObject = 29B97313FDCFA39411CA2CEA /* Project object */;
}
